
Microsoft Visual Studio Solution File, Format Version 12.00
# Visual Studio Version 17
VisualStudioVersion = 17.0.31912.275
MinimumVisualStudioVersion = 10.0.40219.1
Project("{2150E333-8FDC-42A3-9474-1A3956D46DE8}") = "01-核心架构", "01-核心架构", "{5318D694-23B9-4FCC-8338-9996A6E2059A}"
EndProject
Project("{9A19103F-16F7-4668-BE54-9A1E7A4F7556}") = "JNPF", "framework\JNPF\JNPF.csproj", "{7CC99346-6DAC-4C22-AFF5-F08D8117916C}"
EndProject
Project("{9A19103F-16F7-4668-BE54-9A1E7A4F7556}") = "JNPF.Extras.Authentication.JwtBearer", "framework\JNPF.Extras.Authentication.JwtBearer\JNPF.Extras.Authentication.JwtBearer.csproj", "{49469A2E-C001-4634-80B9-BE590324A5F1}"
EndProject
Project("{9A19103F-16F7-4668-BE54-9A1E7A4F7556}") = "JNPF.Extras.DatabaseAccessor.SqlSugar", "framework\JNPF.Extras.DatabaseAccessor.SqlSugar\JNPF.Extras.DatabaseAccessor.SqlSugar.csproj", "{26B5E816-15F4-403D-9154-F1C4AD6C5649}"
EndProject
Project("{9A19103F-16F7-4668-BE54-9A1E7A4F7556}") = "JNPF.Extras.EventBus.RabbitMQ", "infrastructure\JNPF.Extras.EventBus.RabbitMQ\JNPF.Extras.EventBus.RabbitMQ.csproj", "{8AB35AE7-37DD-4FFC-9F78-7B6FAFCADFA4}"
EndProject
Project("{9A19103F-16F7-4668-BE54-9A1E7A4F7556}") = "JNPF.Extras.ObjectMapper.Mapster", "framework\JNPF.Extras.ObjectMapper.Mapster\JNPF.Extras.ObjectMapper.Mapster.csproj", "{32EBC9B9-7B03-49DB-AB70-C2CB26250667}"
EndProject
Project("{9A19103F-16F7-4668-BE54-9A1E7A4F7556}") = "JNPF.Extras.Thirdparty", "infrastructure\JNPF.Extras.Thirdparty\JNPF.Extras.Thirdparty.csproj", "{3FA3FAC6-AEC2-4B81-87B3-F9BF4786F0FF}"
EndProject
Project("{2150E333-8FDC-42A3-9474-1A3956D46DE8}") = "02-应用模块", "02-应用模块", "{1230723A-B35C-45C2-9160-7D1DCD1310B0}"
EndProject
Project("{2150E333-8FDC-42A3-9474-1A3956D46DE8}") = "00-Common", "00-Common", "{E4872924-2348-4E06-881A-08625ED98E9F}"
EndProject
Project("{2150E333-8FDC-42A3-9474-1A3956D46DE8}") = "01-OAuth", "01-OAuth", "{D31EA979-FC56-43F9-870C-278BC7048E9C}"
EndProject
Project("{2150E333-8FDC-42A3-9474-1A3956D46DE8}") = "02-System", "02-System", "{C617010A-DDB0-4C64-8706-5B9732AEC034}"
EndProject
Project("{2150E333-8FDC-42A3-9474-1A3956D46DE8}") = "03-Message", "03-Message", "{BA08CE0D-99FB-4227-8835-FDC2D4F65915}"
EndProject
Project("{2150E333-8FDC-42A3-9474-1A3956D46DE8}") = "04-TaskScheduler", "04-TaskScheduler", "{41F693E8-E3B6-4446-8616-73D522246578}"
EndProject
Project("{2150E333-8FDC-42A3-9474-1A3956D46DE8}") = "05-WorkFlow", "05-WorkFlow", "{E6D88F45-8B86-4FAE-A5CD-57269C413C64}"
EndProject
Project("{2150E333-8FDC-42A3-9474-1A3956D46DE8}") = "06-VisualDev", "06-VisualDev", "{161853F8-ADB9-4281-B706-E2E23D40D0F1}"
EndProject
Project("{2150E333-8FDC-42A3-9474-1A3956D46DE8}") = "08-CodeGen", "08-CodeGen", "{5774A37D-CFA9-4003-8E03-D714B7D1006A}"
EndProject
Project("{2150E333-8FDC-42A3-9474-1A3956D46DE8}") = "09-VisualData", "09-VisualData", "{085B8204-4339-4E13-B75D-1E37E35270B9}"
EndProject
Project("{2150E333-8FDC-42A3-9474-1A3956D46DE8}") = "10-Extend", "10-Extend", "{A5AB62A9-B65A-4348-BC4A-60EF67FC1B9D}"
EndProject
Project("{2150E333-8FDC-42A3-9474-1A3956D46DE8}") = "11-App", "11-App", "{80FA1E47-5DA6-4688-A033-F867B0FA6F22}"
EndProject
Project("{2150E333-8FDC-42A3-9474-1A3956D46DE8}") = "12-Engine", "12-Engine", "{2E0553A6-9E63-4A7D-ABAC-E6AC11DCF175}"
EndProject
Project("{2150E333-8FDC-42A3-9474-1A3956D46DE8}") = "13-SubDev", "13-SubDev", "{284BF0A5-9B0A-4B3E-97BC-6E1B3D87B069}"
EndProject
Project("{2150E333-8FDC-42A3-9474-1A3956D46DE8}") = "03-应用服务", "03-应用服务", "{318DD697-D142-45CA-A1A4-ACC88131501B}"
EndProject
Project("{2150E333-8FDC-42A3-9474-1A3956D46DE8}") = "Solution Items", "Solution Items", "{1B3B434C-4A39-40B1-892C-303706847853}"
	ProjectSection(SolutionItems) = preProject
		.editorconfig = .editorconfig
		Directory.Build.props = Directory.Build.props
		Directory.Build.targets = Directory.Build.targets
		dotnet.ruleset = dotnet.ruleset
		global.json = global.json
	EndProjectSection
EndProject
Project("{9A19103F-16F7-4668-BE54-9A1E7A4F7556}") = "JNPF.Common", "modularity\common\JNPF.Common\JNPF.Common.csproj", "{B88A96BA-597A-42DA-BCDD-A8DA66754523}"
EndProject
Project("{9A19103F-16F7-4668-BE54-9A1E7A4F7556}") = "JNPF.Common.CodeGen", "modularity\common\JNPF.Common.CodeGen\JNPF.Common.CodeGen.csproj", "{43BDD676-9289-469F-8A3C-F7E3AAC4E4B2}"
EndProject
Project("{9A19103F-16F7-4668-BE54-9A1E7A4F7556}") = "JNPF.Common.Core", "modularity\common\JNPF.Common.Core\JNPF.Common.Core.csproj", "{041BA4C2-D6A8-4823-A990-DCF19F892E0C}"
EndProject
Project("{9A19103F-16F7-4668-BE54-9A1E7A4F7556}") = "JNPF.VisualDev.Entitys", "modularity\visualdev\JNPF.VisualDev.Entitys\JNPF.VisualDev.Entitys.csproj", "{21E30689-1635-4868-B63B-2D5ABEBDB678}"
EndProject
Project("{9A19103F-16F7-4668-BE54-9A1E7A4F7556}") = "JNPF.Systems.Entitys", "modularity\system\JNPF.Systems.Entitys\JNPF.Systems.Entitys.csproj", "{12F796BA-AB77-4B9F-A68C-BD088B930088}"
EndProject
Project("{9A19103F-16F7-4668-BE54-9A1E7A4F7556}") = "JNPF.OAuth", "modularity\oauth\JNPF.OAuth\JNPF.OAuth.csproj", "{E251AB63-E43D-463A-ACFD-DAE0BA6F698E}"
EndProject
Project("{9A19103F-16F7-4668-BE54-9A1E7A4F7556}") = "JNPF.Systems.Interfaces", "modularity\system\JNPF.Systems.Interfaces\JNPF.Systems.Interfaces.csproj", "{42F8CCFE-CF62-4E92-8A39-5201FE588A58}"
EndProject
Project("{9A19103F-16F7-4668-BE54-9A1E7A4F7556}") = "JNPF.Apps.Entitys", "modularity\app\JNPF.Apps.Entitys\JNPF.Apps.Entitys.csproj", "{FCD206FB-9539-4E43-AC14-FB32258C61D0}"
EndProject
Project("{9A19103F-16F7-4668-BE54-9A1E7A4F7556}") = "JNPF.Systems", "modularity\system\JNPF.Systems\JNPF.Systems.csproj", "{3E310B58-AE2F-4A63-8624-0BB52D066E27}"
EndProject
Project("{9A19103F-16F7-4668-BE54-9A1E7A4F7556}") = "JNPF.VisualDev.Engine", "modularity\engine\JNPF.VisualDev.Engine\JNPF.VisualDev.Engine.csproj", "{CCA7A753-B445-479A-BE59-EBA87D2495AE}"
EndProject
Project("{9A19103F-16F7-4668-BE54-9A1E7A4F7556}") = "JNPF.VisualDev.Interfaces", "modularity\visualdev\JNPF.VisualDev.Interfaces\JNPF.VisualDev.Interfaces.csproj", "{AD1DF7BB-F953-42C7-ADBC-8288EDB60A25}"
EndProject
Project("{9A19103F-16F7-4668-BE54-9A1E7A4F7556}") = "JNPF.WorkFlow.Entitys", "modularity\workflow\JNPF.WorkFlow.Entitys\JNPF.WorkFlow.Entitys.csproj", "{7C2404A9-CC44-42B7-A21E-2C60576FA9E7}"
EndProject
Project("{9A19103F-16F7-4668-BE54-9A1E7A4F7556}") = "JNPF.Message.Entitys", "modularity\message\JNPF.Message.Entitys\JNPF.Message.Entitys.csproj", "{43B32B21-D755-4D30-B4BF-25EFA7D889A6}"
EndProject
Project("{9A19103F-16F7-4668-BE54-9A1E7A4F7556}") = "JNPF.Message.Interfaces", "modularity\message\JNPF.Message.Interfaces\JNPF.Message.Interfaces.csproj", "{826C30EF-9188-4E9A-BEE5-04889168F711}"
EndProject
Project("{9A19103F-16F7-4668-BE54-9A1E7A4F7556}") = "JNPF.Message", "modularity\message\JNPF.Message\JNPF.Message.csproj", "{7451AEC8-3EA0-4BD5-AE1A-4885A87B8100}"
EndProject
Project("{9A19103F-16F7-4668-BE54-9A1E7A4F7556}") = "JNPF.TaskScheduler", "modularity\taskscheduler\JNPF.TaskScheduler\JNPF.TaskScheduler.csproj", "{3E49F6C2-20EC-4EA5-AB69-8012E55772ED}"
EndProject
Project("{9A19103F-16F7-4668-BE54-9A1E7A4F7556}") = "JNPF.TaskScheduler.Entitys", "modularity\taskscheduler\JNPF.TaskScheduler.Entitys\JNPF.TaskScheduler.Entitys.csproj", "{7479E0D9-C9ED-4FD7-8ED3-30F831EA3F17}"
EndProject
Project("{9A19103F-16F7-4668-BE54-9A1E7A4F7556}") = "JNPF.TaskScheduler.Interfaces", "modularity\taskscheduler\JNPF.TaskScheduler.Interfaces\JNPF.TaskScheduler.Interfaces.csproj", "{C48A88A1-8C7A-4EC3-A58D-E2C9E6334C9B}"
EndProject
Project("{9A19103F-16F7-4668-BE54-9A1E7A4F7556}") = "JNPF.CodeGen", "modularity\codegen\JNPF.CodeGen\JNPF.CodeGen.csproj", "{0239EBCB-B5CF-463F-89D5-2FF61BF5190F}"
EndProject
Project("{9A19103F-16F7-4668-BE54-9A1E7A4F7556}") = "JNPF.Extend.Interfaces", "modularity\extend\JNPF.Extend.Interfaces\JNPF.Extend.Interfaces.csproj", "{FBEE90C9-BB90-4B93-A34B-4AEC25F13344}"
EndProject
Project("{9A19103F-16F7-4668-BE54-9A1E7A4F7556}") = "JNPF.Extend.Entitys", "modularity\extend\JNPF.Extend.Entitys\JNPF.Extend.Entitys.csproj", "{3B205F4B-393E-4399-9032-11DC7D219D83}"
EndProject
Project("{9A19103F-16F7-4668-BE54-9A1E7A4F7556}") = "JNPF.Extend", "modularity\extend\JNPF.Extend\JNPF.Extend.csproj", "{10A7B021-1171-4C6F-8CC1-45C0FFDAAB43}"
EndProject
Project("{9A19103F-16F7-4668-BE54-9A1E7A4F7556}") = "JNPF.VisualDev", "modularity\visualdev\JNPF.VisualDev\JNPF.VisualDev.csproj", "{429C3E54-2F39-4F67-9208-F649A8F7D357}"
EndProject
Project("{9A19103F-16F7-4668-BE54-9A1E7A4F7556}") = "JNPF.VisualData", "modularity\visualdata\JNPF.VisualData\JNPF.VisualData.csproj", "{6645E934-0517-42F7-B9B6-E73BEDAED535}"
EndProject
Project("{9A19103F-16F7-4668-BE54-9A1E7A4F7556}") = "JNPF.VisualData.Entitys", "modularity\visualdata\JNPF.VisualData.Entitys\JNPF.VisualData.Entitys.csproj", "{1E4728F6-4BAE-4D6B-927C-288A0CF292ED}"
EndProject
Project("{9A19103F-16F7-4668-BE54-9A1E7A4F7556}") = "JNPF.Apps.Interfaces", "modularity\app\JNPF.Apps.Interfaces\JNPF.Apps.Interfaces.csproj", "{AC72EC83-2F8D-4757-ACE7-83635A971DAE}"
EndProject
Project("{9A19103F-16F7-4668-BE54-9A1E7A4F7556}") = "JNPF.Apps", "modularity\app\JNPF.Apps\JNPF.Apps.csproj", "{44EAD1DB-6B4B-47B2-B727-5DC7621A18D0}"
EndProject
Project("{9A19103F-16F7-4668-BE54-9A1E7A4F7556}") = "JNPF.WorkFlow.Interfaces", "modularity\workflow\JNPF.WorkFlow.Interfaces\JNPF.WorkFlow.Interfaces.csproj", "{D33863E2-39CF-47FA-9AC7-DDEFA8DAF7C7}"
EndProject
Project("{9A19103F-16F7-4668-BE54-9A1E7A4F7556}") = "JNPF.SubDev.Entitys", "modularity\subdev\JNPF.SubDev.Entitys\JNPF.SubDev.Entitys.csproj", "{7242CDB2-C08F-4CED-888E-26073D8A10A8}"
EndProject
Project("{9A19103F-16F7-4668-BE54-9A1E7A4F7556}") = "JNPF.SubDev", "modularity\subdev\JNPF.SubDev\JNPF.SubDev.csproj", "{1B5296EB-D81F-454C-995A-DB4CC2E61415}"
EndProject
Project("{9A19103F-16F7-4668-BE54-9A1E7A4F7556}") = "JNPF.WorkFlow", "modularity\workflow\JNPF.WorkFlow\JNPF.WorkFlow.csproj", "{CDD9CA1F-C4D5-43A2-A2F8-B3EE214B5C75}"
EndProject
Project("{9A19103F-16F7-4668-BE54-9A1E7A4F7556}") = "JNPF.Extras.CollectiveOAuth", "infrastructure\JNPF.Extras.CollectiveOAuth\JNPF.Extras.CollectiveOAuth.csproj", "{719C8C15-B492-43DF-9DC2-555FFCF960BD}"
EndProject
Project("{9A19103F-16F7-4668-BE54-9A1E7A4F7556}") = "JNPF.API.Entry", "application\JNPF.API.Entry\JNPF.API.Entry.csproj", "{53604AFB-0CCA-41EB-9A71-50D650106BFD}"
EndProject
Project("{2150E333-8FDC-42A3-9474-1A3956D46DE8}") = "07-InteAssistant", "07-InteAssistant", "{1686C3E9-38D8-438D-94F6-DB3BE23F2E60}"
EndProject
Project("{9A19103F-16F7-4668-BE54-9A1E7A4F7556}") = "JNPF.InteAssistant", "modularity\inteAssistant\JNPF.InteAssistant\JNPF.InteAssistant.csproj", "{704327ED-5912-4F5E-9B98-3E28DB05046B}"
EndProject
Project("{9A19103F-16F7-4668-BE54-9A1E7A4F7556}") = "JNPF.InteAssistant.Entitys", "modularity\inteAssistant\JNPF.InteAssistant.Entitys\JNPF.InteAssistant.Entitys.csproj", "{FE11720B-8674-4A39-AFF3-E9068D4A25E9}"
EndProject
Project("{9A19103F-16F7-4668-BE54-9A1E7A4F7556}") = "JNPF.InteAssistant.Engine", "modularity\inteAssistant\JNPF.InteAssistant.Engine\JNPF.InteAssistant.Engine.csproj", "{69E5982C-89A5-4B6C-AA03-DEE81A86C19D}"
EndProject
Project("{9A19103F-16F7-4668-BE54-9A1E7A4F7556}") = "JNPF.Engine.Entity", "modularity\engine\JNPF.Engine.Entity\JNPF.Engine.Entity.csproj", "{59D55A6B-2EF9-4577-A053-357147C5B0D7}"
EndProject
Project("{2150E333-8FDC-42A3-9474-1A3956D46DE8}") = "20-ZxDev", "20-ZxDev", "{D7127F7B-32A1-4B88-95FE-5041A88ABA7F}"
EndProject
Project("{9A19103F-16F7-4668-BE54-9A1E7A4F7556}") = "JNPF.ZxDev", "modularity\zxdev\JNPF.ZxDev\JNPF.ZxDev.csproj", "{497289A5-DE6E-4D33-BA39-6EE8E5724689}"
EndProject
Project("{9A19103F-16F7-4668-BE54-9A1E7A4F7556}") = "JNPF.ZxDev.Entitys", "modularity\zxdev\JNPF.ZxDev.Entitys\JNPF.ZxDev.Entitys.csproj", "{3304F589-9C56-41D1-8EB9-D9465B4267E7}"
EndProject
Project("{9A19103F-16F7-4668-BE54-9A1E7A4F7556}") = "JNPF.Extras.DependencyModel.CodeAnalysis", "framework\JNPF.Extras.DependencyModel.CodeAnalysis\JNPF.Extras.DependencyModel.CodeAnalysis.csproj", "{E9FB17F6-8E61-40B9-BA04-F7C9C25919E8}"
EndProject
Project("{2150E333-8FDC-42A3-9474-1A3956D46DE8}") = "04-应用前端", "04-应用前端", "{DCE5EA45-0527-460C-8777-F4E2D134DF90}"
	ProjectSection(SolutionItems) = preProject
		web\dist_v1.1.rar = web\dist_v1.1.rar
		..\src\web\sqlserver_db_bak.rar = ..\src\web\sqlserver_db_bak.rar
		..\src\web\web.config = ..\src\web\web.config
	EndProjectSection
EndProject
Project("{FAE04EC0-301F-11D3-BF4B-00C04F79EFBC}") = "JNPF.OA.API.Entry", "application\JNPF.OA.API.Entry\JNPF.OA.API.Entry.csproj", "{58DEC459-4E61-55F6-703C-82F5AFD80529}"
EndProject
Project("{2150E333-8FDC-42A3-9474-1A3956D46DE8}") = "05-OA系统", "05-OA系统", "{02EA681E-C7D8-13C7-8484-4AC65E1B71E8}"
EndProject
Project("{FAE04EC0-301F-11D3-BF4B-00C04F79EFBC}") = "JNPF.Extras.WebSockets", "infrastructure\JNPF.Extras.WebSockets\JNPF.Extras.WebSockets.csproj", "{D5B165AF-BAC6-5559-5247-FC9FE1A77E4D}"
EndProject
Project("{2150E333-8FDC-42A3-9474-1A3956D46DE8}") = "tests", "tests", "{E8524EB6-6130-405E-86CE-36D63B8189A4}"
EndProject
Project("{FAE04EC0-301F-11D3-BF4B-00C04F79EFBC}") = "JNPF.Tests.Architecture", "tests\JNPF.Tests.Architecture\JNPF.Tests.Architecture.csproj", "{1449186D-FA6F-4C4F-98FC-85844978C7AE}"
EndProject
Project("{2150E333-8FDC-42A3-9474-1A3956D46DE8}") = "tools", "tools", "{24712DF1-5367-42A6-BFB5-B2A4AF931FAF}"
EndProject
Project("{2150E333-8FDC-42A3-9474-1A3956D46DE8}") = "JNPF.Analyzers", "JNPF.Analyzers", "{617ECD0C-DE13-49E0-AFAD-849145F12C9D}"
EndProject
Project("{FAE04EC0-301F-11D3-BF4B-00C04F79EFBC}") = "JNPF.Analyzers", "tools\JNPF.Analyzers\JNPF.Analyzers\JNPF.Analyzers.csproj", "{FE426F3C-B434-4851-A376-9B4A54D7D6B4}"
EndProject
Project("{FAE04EC0-301F-11D3-BF4B-00C04F79EFBC}") = "JNPF.Analyzers.Tests", "tools\JNPF.Analyzers\JNPF.Analyzers.Tests\JNPF.Analyzers.Tests.csproj", "{F3C3E4A2-F3BE-4795-A415-818A32CB3348}"
EndProject
Project("{FAE04EC0-301F-11D3-BF4B-00C04F79EFBC}") = "JNPF.Tests.Common", "tests\JNPF.Tests.Common\JNPF.Tests.Common.csproj", "{558DFB2A-680C-42CB-9AE0-57FFF5E8D89B}"
EndProject
Project("{FAE04EC0-301F-11D3-BF4B-00C04F79EFBC}") = "JNPF.Tests.VisualDev", "tests\JNPF.Tests.VisualDev\JNPF.Tests.VisualDev.csproj", "{F44E51E6-D443-4825-810F-E1D9FF6B25FC}"
EndProject
Project("{FAE04EC0-301F-11D3-BF4B-00C04F79EFBC}") = "JNPF.Tests.OAuth", "tests\JNPF.Tests.OAuth\JNPF.Tests.OAuth.csproj", "{2E2CBD53-F4F3-4A46-9615-0DEEEEC9B5C5}"
EndProject
Project("{2150E333-8FDC-42A3-9474-1A3956D46DE8}") = "modularity", "modularity", "{94548C90-FA3B-8649-01BC-6608F254C800}"
EndProject
Project("{2150E333-8FDC-42A3-9474-1A3956D46DE8}") = "oauth", "oauth", "{7C503509-51F2-A257-4DA0-16A7103FE7B2}"
EndProject
Project("{FAE04EC0-301F-11D3-BF4B-00C04F79EFBC}") = "JNPF.Tests.Systems", "tests\JNPF.Tests.Systems\JNPF.Tests.Systems.csproj", "{C264FD85-D290-4281-9F77-878293CBB640}"
EndProject
Project("{2150E333-8FDC-42A3-9474-1A3956D46DE8}") = "system", "system", "{BB066A4C-DF5D-C94D-37A0-D07B390CB448}"
EndProject
Project("{FAE04EC0-301F-11D3-BF4B-00C04F79EFBC}") = "JNPF.Tests.CodeGen", "tests\JNPF.Tests.CodeGen\JNPF.Tests.CodeGen.csproj", "{511DC331-2A75-49FA-B286-02E2B8572A59}"
EndProject
Project("{2150E333-8FDC-42A3-9474-1A3956D46DE8}") = "runtime", "runtime", "{81C0B801-F1F6-4235-AC73-ED59DACDCF34}"
EndProject
Project("{FAE04EC0-301F-11D3-BF4B-00C04F79EFBC}") = "JNPF.Runtime.Capability", "modularity\runtime\JNPF.Runtime.Capability\JNPF.Runtime.Capability.csproj", "{830F1336-8872-4D32-8CD6-B9FD381F44CC}"
EndProject
Project("{FAE04EC0-301F-11D3-BF4B-00C04F79EFBC}") = "JNPF.Runtime.Core", "modularity\runtime\JNPF.Runtime.Core\JNPF.Runtime.Core.csproj", "{9C92F36B-44A9-436E-B862-0EE9E728D41A}"
EndProject
Project("{FAE04EC0-301F-11D3-BF4B-00C04F79EFBC}") = "JNPF.Tests.Runtime.Capability", "tests\JNPF.Tests.Runtime.Capability\JNPF.Tests.Runtime.Capability.csproj", "{8ACBB4CA-7C2B-4B1A-AE55-31A2E58DDFB2}"
EndProject
Project("{FAE04EC0-301F-11D3-BF4B-00C04F79EFBC}") = "JNPF.Tests.Runtime.Core", "tests\JNPF.Tests.Runtime.Core\JNPF.Tests.Runtime.Core.csproj", "{294B822B-A3F6-4F8A-A217-53188C075F25}"
EndProject
Project("{FAE04EC0-301F-11D3-BF4B-00C04F79EFBC}") = "JNPF.Runtime.Expert", "modularity\runtime\JNPF.Runtime.Expert\JNPF.Runtime.Expert.csproj", "{E9C36456-00C8-45F2-85F8-99F4590CBF1D}"
EndProject
Project("{FAE04EC0-301F-11D3-BF4B-00C04F79EFBC}") = "JNPF.Tests.Runtime.Expert", "tests\JNPF.Tests.Runtime.Expert\JNPF.Tests.Runtime.Expert.csproj", "{FF4C1667-4886-4C95-A627-302F434026B5}"
EndProject
Project("{FAE04EC0-301F-11D3-BF4B-00C04F79EFBC}") = "JNPF.Runtime.Abstractions", "modularity\runtime\JNPF.Runtime.Abstractions\JNPF.Runtime.Abstractions.csproj", "{DFC957FB-8471-4526-834A-ACF7D3163FC0}"
EndProject
Project("{FAE04EC0-301F-11D3-BF4B-00C04F79EFBC}") = "Foundry.FSPM.Login", "modularity\Foundry.FSPM.Login\Foundry.FSPM.Login.csproj", "{8873AC23-7DF0-4F9F-84A4-FA4D2FFA6DF4}"
EndProject
Project("{FAE04EC0-301F-11D3-BF4B-00C04F79EFBC}") = "Foundry.FSPM.Core", "modularity\Foundry.FSPM.Core\Foundry.FSPM.Core.csproj", "{48DE44DA-F1B7-4457-BA33-B8DCE27CCE3A}"
EndProject
Project("{FAE04EC0-301F-11D3-BF4B-00C04F79EFBC}") = "Foundry.FSPM.Analyzer", "tools\Foundry.FSPM.Analyzer\Foundry.FSPM.Analyzer.csproj", "{A9E59F54-0FF3-471D-A26E-6F0FB7617A29}"
EndProject
Project("{FAE04EC0-301F-11D3-BF4B-00C04F79EFBC}") = "Foundry.FSPM.SemanticProof.Tests", "tests\Foundry.FSPM.SemanticProof.Tests\Foundry.FSPM.SemanticProof.Tests.csproj", "{A881FE71-4C38-4007-A669-1EC61D36FC44}"
EndProject
Project("{FAE04EC0-301F-11D3-BF4B-00C04F79EFBC}") = "Foundry.FSPM.Login.Mvp", "modularity\Foundry.FSPM.Login.Mvp\Foundry.FSPM.Login.Mvp.csproj", "{DEDC507F-F92E-4AA2-87A8-93B78290B534}"
EndProject
Project("{FAE04EC0-301F-11D3-BF4B-00C04F79EFBC}") = "Foundry.FSPM.Compiler", "modularity\Foundry.FSPM.Compiler\Foundry.FSPM.Compiler.csproj", "{53D0D8C5-D29B-42A5-9451-574C4369F4FB}"
EndProject
Project("{FAE04EC0-301F-11D3-BF4B-00C04F79EFBC}") = "Foundry.FSPM.Compiler.Tests", "tests\Foundry.FSPM.Compiler.Tests\Foundry.FSPM.Compiler.Tests.csproj", "{0984CD30-4B07-4EE6-88A0-984FAED212A6}"
EndProject
Global
	GlobalSection(SolutionConfigurationPlatforms) = preSolution
		Debug|Any CPU = Debug|Any CPU
		Debug|x64 = Debug|x64
		Debug|x86 = Debug|x86
		Release|Any CPU = Release|Any CPU
		Release|x64 = Release|x64
		Release|x86 = Release|x86
	EndGlobalSection
	GlobalSection(ProjectConfigurationPlatforms) = postSolution
		{7CC99346-6DAC-4C22-AFF5-F08D8117916C}.Debug|Any CPU.ActiveCfg = Debug|Any CPU
		{7CC99346-6DAC-4C22-AFF5-F08D8117916C}.Debug|Any CPU.Build.0 = Debug|Any CPU
		{7CC99346-6DAC-4C22-AFF5-F08D8117916C}.Debug|x64.ActiveCfg = Debug|Any CPU
		{7CC99346-6DAC-4C22-AFF5-F08D8117916C}.Debug|x64.Build.0 = Debug|Any CPU
		{7CC99346-6DAC-4C22-AFF5-F08D8117916C}.Debug|x86.ActiveCfg = Debug|Any CPU
		{7CC99346-6DAC-4C22-AFF5-F08D8117916C}.Debug|x86.Build.0 = Debug|Any CPU
		{7CC99346-6DAC-4C22-AFF5-F08D8117916C}.Release|Any CPU.ActiveCfg = Release|Any CPU
		{7CC99346-6DAC-4C22-AFF5-F08D8117916C}.Release|Any CPU.Build.0 = Release|Any CPU
		{7CC99346-6DAC-4C22-AFF5-F08D8117916C}.Release|x64.ActiveCfg = Release|Any CPU
		{7CC99346-6DAC-4C22-AFF5-F08D8117916C}.Release|x64.Build.0 = Release|Any CPU
		{7CC99346-6DAC-4C22-AFF5-F08D8117916C}.Release|x86.ActiveCfg = Release|Any CPU
		{7CC99346-6DAC-4C22-AFF5-F08D8117916C}.Release|x86.Build.0 = Release|Any CPU
		{49469A2E-C001-4634-80B9-BE590324A5F1}.Debug|Any CPU.ActiveCfg = Debug|Any CPU
		{49469A2E-C001-4634-80B9-BE590324A5F1}.Debug|Any CPU.Build.0 = Debug|Any CPU
		{49469A2E-C001-4634-80B9-BE590324A5F1}.Debug|x64.ActiveCfg = Debug|Any CPU
		{49469A2E-C001-4634-80B9-BE590324A5F1}.Debug|x64.Build.0 = Debug|Any CPU
		{49469A2E-C001-4634-80B9-BE590324A5F1}.Debug|x86.ActiveCfg = Debug|Any CPU
		{49469A2E-C001-4634-80B9-BE590324A5F1}.Debug|x86.Build.0 = Debug|Any CPU
		{49469A2E-C001-4634-80B9-BE590324A5F1}.Release|Any CPU.ActiveCfg = Release|Any CPU
		{49469A2E-C001-4634-80B9-BE590324A5F1}.Release|Any CPU.Build.0 = Release|Any CPU
		{49469A2E-C001-4634-80B9-BE590324A5F1}.Release|x64.ActiveCfg = Release|Any CPU
		{49469A2E-C001-4634-80B9-BE590324A5F1}.Release|x64.Build.0 = Release|Any CPU
		{49469A2E-C001-4634-80B9-BE590324A5F1}.Release|x86.ActiveCfg = Release|Any CPU
		{49469A2E-C001-4634-80B9-BE590324A5F1}.Release|x86.Build.0 = Release|Any CPU
		{26B5E816-15F4-403D-9154-F1C4AD6C5649}.Debug|Any CPU.ActiveCfg = Debug|Any CPU
		{26B5E816-15F4-403D-9154-F1C4AD6C5649}.Debug|Any CPU.Build.0 = Debug|Any CPU
		{26B5E816-15F4-403D-9154-F1C4AD6C5649}.Debug|x64.ActiveCfg = Debug|Any CPU
		{26B5E816-15F4-403D-9154-F1C4AD6C5649}.Debug|x64.Build.0 = Debug|Any CPU
		{26B5E816-15F4-403D-9154-F1C4AD6C5649}.Debug|x86.ActiveCfg = Debug|Any CPU
		{26B5E816-15F4-403D-9154-F1C4AD6C5649}.Debug|x86.Build.0 = Debug|Any CPU
		{26B5E816-15F4-403D-9154-F1C4AD6C5649}.Release|Any CPU.ActiveCfg = Release|Any CPU
		{26B5E816-15F4-403D-9154-F1C4AD6C5649}.Release|Any CPU.Build.0 = Release|Any CPU
		{26B5E816-15F4-403D-9154-F1C4AD6C5649}.Release|x64.ActiveCfg = Release|Any CPU
		{26B5E816-15F4-403D-9154-F1C4AD6C5649}.Release|x64.Build.0 = Release|Any CPU
		{26B5E816-15F4-403D-9154-F1C4AD6C5649}.Release|x86.ActiveCfg = Release|Any CPU
		{26B5E816-15F4-403D-9154-F1C4AD6C5649}.Release|x86.Build.0 = Release|Any CPU
		{8AB35AE7-37DD-4FFC-9F78-7B6FAFCADFA4}.Debug|Any CPU.ActiveCfg = Debug|Any CPU
		{8AB35AE7-37DD-4FFC-9F78-7B6FAFCADFA4}.Debug|Any CPU.Build.0 = Debug|Any CPU
		{8AB35AE7-37DD-4FFC-9F78-7B6FAFCADFA4}.Debug|x64.ActiveCfg = Debug|Any CPU
		{8AB35AE7-37DD-4FFC-9F78-7B6FAFCADFA4}.Debug|x64.Build.0 = Debug|Any CPU
		{8AB35AE7-37DD-4FFC-9F78-7B6FAFCADFA4}.Debug|x86.ActiveCfg = Debug|Any CPU
		{8AB35AE7-37DD-4FFC-9F78-7B6FAFCADFA4}.Debug|x86.Build.0 = Debug|Any CPU
		{8AB35AE7-37DD-4FFC-9F78-7B6FAFCADFA4}.Release|Any CPU.ActiveCfg = Release|Any CPU
		{8AB35AE7-37DD-4FFC-9F78-7B6FAFCADFA4}.Release|Any CPU.Build.0 = Release|Any CPU
		{8AB35AE7-37DD-4FFC-9F78-7B6FAFCADFA4}.Release|x64.ActiveCfg = Release|Any CPU
		{8AB35AE7-37DD-4FFC-9F78-7B6FAFCADFA4}.Release|x64.Build.0 = Release|Any CPU
		{8AB35AE7-37DD-4FFC-9F78-7B6FAFCADFA4}.Release|x86.ActiveCfg = Release|Any CPU
		{8AB35AE7-37DD-4FFC-9F78-7B6FAFCADFA4}.Release|x86.Build.0 = Release|Any CPU
		{32EBC9B9-7B03-49DB-AB70-C2CB26250667}.Debug|Any CPU.ActiveCfg = Debug|Any CPU
		{32EBC9B9-7B03-49DB-AB70-C2CB26250667}.Debug|Any CPU.Build.0 = Debug|Any CPU
		{32EBC9B9-7B03-49DB-AB70-C2CB26250667}.Debug|x64.ActiveCfg = Debug|Any CPU
		{32EBC9B9-7B03-49DB-AB70-C2CB26250667}.Debug|x64.Build.0 = Debug|Any CPU
		{32EBC9B9-7B03-49DB-AB70-C2CB26250667}.Debug|x86.ActiveCfg = Debug|Any CPU
		{32EBC9B9-7B03-49DB-AB70-C2CB26250667}.Debug|x86.Build.0 = Debug|Any CPU
		{32EBC9B9-7B03-49DB-AB70-C2CB26250667}.Release|Any CPU.ActiveCfg = Release|Any CPU
		{32EBC9B9-7B03-49DB-AB70-C2CB26250667}.Release|Any CPU.Build.0 = Release|Any CPU
		{32EBC9B9-7B03-49DB-AB70-C2CB26250667}.Release|x64.ActiveCfg = Release|Any CPU
		{32EBC9B9-7B03-49DB-AB70-C2CB26250667}.Release|x64.Build.0 = Release|Any CPU
		{32EBC9B9-7B03-49DB-AB70-C2CB26250667}.Release|x86.ActiveCfg = Release|Any CPU
		{32EBC9B9-7B03-49DB-AB70-C2CB26250667}.Release|x86.Build.0 = Release|Any CPU
		{3FA3FAC6-AEC2-4B81-87B3-F9BF4786F0FF}.Debug|Any CPU.ActiveCfg = Debug|Any CPU
		{3FA3FAC6-AEC2-4B81-87B3-F9BF4786F0FF}.Debug|Any CPU.Build.0 = Debug|Any CPU
		{3FA3FAC6-AEC2-4B81-87B3-F9BF4786F0FF}.Debug|x64.ActiveCfg = Debug|Any CPU
		{3FA3FAC6-AEC2-4B81-87B3-F9BF4786F0FF}.Debug|x64.Build.0 = Debug|Any CPU
		{3FA3FAC6-AEC2-4B81-87B3-F9BF4786F0FF}.Debug|x86.ActiveCfg = Debug|Any CPU
		{3FA3FAC6-AEC2-4B81-87B3-F9BF4786F0FF}.Debug|x86.Build.0 = Debug|Any CPU
		{3FA3FAC6-AEC2-4B81-87B3-F9BF4786F0FF}.Release|Any CPU.ActiveCfg = Release|Any CPU
		{3FA3FAC6-AEC2-4B81-87B3-F9BF4786F0FF}.Release|Any CPU.Build.0 = Release|Any CPU
		{3FA3FAC6-AEC2-4B81-87B3-F9BF4786F0FF}.Release|x64.ActiveCfg = Release|Any CPU
		{3FA3FAC6-AEC2-4B81-87B3-F9BF4786F0FF}.Release|x64.Build.0 = Release|Any CPU
		{3FA3FAC6-AEC2-4B81-87B3-F9BF4786F0FF}.Release|x86.ActiveCfg = Release|Any CPU
		{3FA3FAC6-AEC2-4B81-87B3-F9BF4786F0FF}.Release|x86.Build.0 = Release|Any CPU
		{B88A96BA-597A-42DA-BCDD-A8DA66754523}.Debug|Any CPU.ActiveCfg = Debug|Any CPU
		{B88A96BA-597A-42DA-BCDD-A8DA66754523}.Debug|Any CPU.Build.0 = Debug|Any CPU
		{B88A96BA-597A-42DA-BCDD-A8DA66754523}.Debug|x64.ActiveCfg = Debug|Any CPU
		{B88A96BA-597A-42DA-BCDD-A8DA66754523}.Debug|x64.Build.0 = Debug|Any CPU
		{B88A96BA-597A-42DA-BCDD-A8DA66754523}.Debug|x86.ActiveCfg = Debug|Any CPU
		{B88A96BA-597A-42DA-BCDD-A8DA66754523}.Debug|x86.Build.0 = Debug|Any CPU
		{B88A96BA-597A-42DA-BCDD-A8DA66754523}.Release|Any CPU.ActiveCfg = Release|Any CPU
		{B88A96BA-597A-42DA-BCDD-A8DA66754523}.Release|Any CPU.Build.0 = Release|Any CPU
		{B88A96BA-597A-42DA-BCDD-A8DA66754523}.Release|x64.ActiveCfg = Release|Any CPU
		{B88A96BA-597A-42DA-BCDD-A8DA66754523}.Release|x64.Build.0 = Release|Any CPU
		{B88A96BA-597A-42DA-BCDD-A8DA66754523}.Release|x86.ActiveCfg = Release|Any CPU
		{B88A96BA-597A-42DA-BCDD-A8DA66754523}.Release|x86.Build.0 = Release|Any CPU
		{43BDD676-9289-469F-8A3C-F7E3AAC4E4B2}.Debug|Any CPU.ActiveCfg = Debug|Any CPU
		{43BDD676-9289-469F-8A3C-F7E3AAC4E4B2}.Debug|Any CPU.Build.0 = Debug|Any CPU
		{43BDD676-9289-469F-8A3C-F7E3AAC4E4B2}.Debug|x64.ActiveCfg = Debug|Any CPU
		{43BDD676-9289-469F-8A3C-F7E3AAC4E4B2}.Debug|x64.Build.0 = Debug|Any CPU
		{43BDD676-9289-469F-8A3C-F7E3AAC4E4B2}.Debug|x86.ActiveCfg = Debug|Any CPU
		{43BDD676-9289-469F-8A3C-F7E3AAC4E4B2}.Debug|x86.Build.0 = Debug|Any CPU
		{43BDD676-9289-469F-8A3C-F7E3AAC4E4B2}.Release|Any CPU.ActiveCfg = Release|Any CPU
		{43BDD676-9289-469F-8A3C-F7E3AAC4E4B2}.Release|Any CPU.Build.0 = Release|Any CPU
		{43BDD676-9289-469F-8A3C-F7E3AAC4E4B2}.Release|x64.ActiveCfg = Release|Any CPU
		{43BDD676-9289-469F-8A3C-F7E3AAC4E4B2}.Release|x64.Build.0 = Release|Any CPU
		{43BDD676-9289-469F-8A3C-F7E3AAC4E4B2}.Release|x86.ActiveCfg = Release|Any CPU
		{43BDD676-9289-469F-8A3C-F7E3AAC4E4B2}.Release|x86.Build.0 = Release|Any CPU
		{041BA4C2-D6A8-4823-A990-DCF19F892E0C}.Debug|Any CPU.ActiveCfg = Debug|Any CPU
		{041BA4C2-D6A8-4823-A990-DCF19F892E0C}.Debug|Any CPU.Build.0 = Debug|Any CPU
		{041BA4C2-D6A8-4823-A990-DCF19F892E0C}.Debug|x64.ActiveCfg = Debug|Any CPU
		{041BA4C2-D6A8-4823-A990-DCF19F892E0C}.Debug|x64.Build.0 = Debug|Any CPU
		{041BA4C2-D6A8-4823-A990-DCF19F892E0C}.Debug|x86.ActiveCfg = Debug|Any CPU
		{041BA4C2-D6A8-4823-A990-DCF19F892E0C}.Debug|x86.Build.0 = Debug|Any CPU
		{041BA4C2-D6A8-4823-A990-DCF19F892E0C}.Release|Any CPU.ActiveCfg = Release|Any CPU
		{041BA4C2-D6A8-4823-A990-DCF19F892E0C}.Release|Any CPU.Build.0 = Release|Any CPU
		{041BA4C2-D6A8-4823-A990-DCF19F892E0C}.Release|x64.ActiveCfg = Release|Any CPU
		{041BA4C2-D6A8-4823-A990-DCF19F892E0C}.Release|x64.Build.0 = Release|Any CPU
		{041BA4C2-D6A8-4823-A990-DCF19F892E0C}.Release|x86.ActiveCfg = Release|Any CPU
		{041BA4C2-D6A8-4823-A990-DCF19F892E0C}.Release|x86.Build.0 = Release|Any CPU
		{21E30689-1635-4868-B63B-2D5ABEBDB678}.Debug|Any CPU.ActiveCfg = Debug|Any CPU
		{21E30689-1635-4868-B63B-2D5ABEBDB678}.Debug|Any CPU.Build.0 = Debug|Any CPU
		{21E30689-1635-4868-B63B-2D5ABEBDB678}.Debug|x64.ActiveCfg = Debug|Any CPU
		{21E30689-1635-4868-B63B-2D5ABEBDB678}.Debug|x64.Build.0 = Debug|Any CPU
		{21E30689-1635-4868-B63B-2D5ABEBDB678}.Debug|x86.ActiveCfg = Debug|Any CPU
		{21E30689-1635-4868-B63B-2D5ABEBDB678}.Debug|x86.Build.0 = Debug|Any CPU
		{21E30689-1635-4868-B63B-2D5ABEBDB678}.Release|Any CPU.ActiveCfg = Release|Any CPU
		{21E30689-1635-4868-B63B-2D5ABEBDB678}.Release|Any CPU.Build.0 = Release|Any CPU
		{21E30689-1635-4868-B63B-2D5ABEBDB678}.Release|x64.ActiveCfg = Release|Any CPU
		{21E30689-1635-4868-B63B-2D5ABEBDB678}.Release|x64.Build.0 = Release|Any CPU
		{21E30689-1635-4868-B63B-2D5ABEBDB678}.Release|x86.ActiveCfg = Release|Any CPU
		{21E30689-1635-4868-B63B-2D5ABEBDB678}.Release|x86.Build.0 = Release|Any CPU
		{12F796BA-AB77-4B9F-A68C-BD088B930088}.Debug|Any CPU.ActiveCfg = Debug|Any CPU
		{12F796BA-AB77-4B9F-A68C-BD088B930088}.Debug|Any CPU.Build.0 = Debug|Any CPU
		{12F796BA-AB77-4B9F-A68C-BD088B930088}.Debug|x64.ActiveCfg = Debug|Any CPU
		{12F796BA-AB77-4B9F-A68C-BD088B930088}.Debug|x64.Build.0 = Debug|Any CPU
		{12F796BA-AB77-4B9F-A68C-BD088B930088}.Debug|x86.ActiveCfg = Debug|Any CPU
		{12F796BA-AB77-4B9F-A68C-BD088B930088}.Debug|x86.Build.0 = Debug|Any CPU
		{12F796BA-AB77-4B9F-A68C-BD088B930088}.Release|Any CPU.ActiveCfg = Release|Any CPU
		{12F796BA-AB77-4B9F-A68C-BD088B930088}.Release|Any CPU.Build.0 = Release|Any CPU
		{12F796BA-AB77-4B9F-A68C-BD088B930088}.Release|x64.ActiveCfg = Release|Any CPU
		{12F796BA-AB77-4B9F-A68C-BD088B930088}.Release|x64.Build.0 = Release|Any CPU
		{12F796BA-AB77-4B9F-A68C-BD088B930088}.Release|x86.ActiveCfg = Release|Any CPU
		{12F796BA-AB77-4B9F-A68C-BD088B930088}.Release|x86.Build.0 = Release|Any CPU
		{E251AB63-E43D-463A-ACFD-DAE0BA6F698E}.Debug|Any CPU.ActiveCfg = Debug|Any CPU
		{E251AB63-E43D-463A-ACFD-DAE0BA6F698E}.Debug|Any CPU.Build.0 = Debug|Any CPU
		{E251AB63-E43D-463A-ACFD-DAE0BA6F698E}.Debug|x64.ActiveCfg = Debug|Any CPU
		{E251AB63-E43D-463A-ACFD-DAE0BA6F698E}.Debug|x64.Build.0 = Debug|Any CPU
		{E251AB63-E43D-463A-ACFD-DAE0BA6F698E}.Debug|x86.ActiveCfg = Debug|Any CPU
		{E251AB63-E43D-463A-ACFD-DAE0BA6F698E}.Debug|x86.Build.0 = Debug|Any CPU
		{E251AB63-E43D-463A-ACFD-DAE0BA6F698E}.Release|Any CPU.ActiveCfg = Release|Any CPU
		{E251AB63-E43D-463A-ACFD-DAE0BA6F698E}.Release|Any CPU.Build.0 = Release|Any CPU
		{E251AB63-E43D-463A-ACFD-DAE0BA6F698E}.Release|x64.ActiveCfg = Release|Any CPU
		{E251AB63-E43D-463A-ACFD-DAE0BA6F698E}.Release|x64.Build.0 = Release|Any CPU
		{E251AB63-E43D-463A-ACFD-DAE0BA6F698E}.Release|x86.ActiveCfg = Release|Any CPU
		{E251AB63-E43D-463A-ACFD-DAE0BA6F698E}.Release|x86.Build.0 = Release|Any CPU
		{42F8CCFE-CF62-4E92-8A39-5201FE588A58}.Debug|Any CPU.ActiveCfg = Debug|Any CPU
		{42F8CCFE-CF62-4E92-8A39-5201FE588A58}.Debug|Any CPU.Build.0 = Debug|Any CPU
		{42F8CCFE-CF62-4E92-8A39-5201FE588A58}.Debug|x64.ActiveCfg = Debug|Any CPU
		{42F8CCFE-CF62-4E92-8A39-5201FE588A58}.Debug|x64.Build.0 = Debug|Any CPU
		{42F8CCFE-CF62-4E92-8A39-5201FE588A58}.Debug|x86.ActiveCfg = Debug|Any CPU
		{42F8CCFE-CF62-4E92-8A39-5201FE588A58}.Debug|x86.Build.0 = Debug|Any CPU
		{42F8CCFE-CF62-4E92-8A39-5201FE588A58}.Release|Any CPU.ActiveCfg = Release|Any CPU
		{42F8CCFE-CF62-4E92-8A39-5201FE588A58}.Release|Any CPU.Build.0 = Release|Any CPU
		{42F8CCFE-CF62-4E92-8A39-5201FE588A58}.Release|x64.ActiveCfg = Release|Any CPU
		{42F8CCFE-CF62-4E92-8A39-5201FE588A58}.Release|x64.Build.0 = Release|Any CPU
		{42F8CCFE-CF62-4E92-8A39-5201FE588A58}.Release|x86.ActiveCfg = Release|Any CPU
		{42F8CCFE-CF62-4E92-8A39-5201FE588A58}.Release|x86.Build.0 = Release|Any CPU
		{FCD206FB-9539-4E43-AC14-FB32258C61D0}.Debug|Any CPU.ActiveCfg = Debug|Any CPU
		{FCD206FB-9539-4E43-AC14-FB32258C61D0}.Debug|Any CPU.Build.0 = Debug|Any CPU
		{FCD206FB-9539-4E43-AC14-FB32258C61D0}.Debug|x64.ActiveCfg = Debug|Any CPU
		{FCD206FB-9539-4E43-AC14-FB32258C61D0}.Debug|x64.Build.0 = Debug|Any CPU
		{FCD206FB-9539-4E43-AC14-FB32258C61D0}.Debug|x86.ActiveCfg = Debug|Any CPU
		{FCD206FB-9539-4E43-AC14-FB32258C61D0}.Debug|x86.Build.0 = Debug|Any CPU
		{FCD206FB-9539-4E43-AC14-FB32258C61D0}.Release|Any CPU.ActiveCfg = Release|Any CPU
		{FCD206FB-9539-4E43-AC14-FB32258C61D0}.Release|Any CPU.Build.0 = Release|Any CPU
		{FCD206FB-9539-4E43-AC14-FB32258C61D0}.Release|x64.ActiveCfg = Release|Any CPU
		{FCD206FB-9539-4E43-AC14-FB32258C61D0}.Release|x64.Build.0 = Release|Any CPU
		{FCD206FB-9539-4E43-AC14-FB32258C61D0}.Release|x86.ActiveCfg = Release|Any CPU
		{FCD206FB-9539-4E43-AC14-FB32258C61D0}.Release|x86.Build.0 = Release|Any CPU
		{3E310B58-AE2F-4A63-8624-0BB52D066E27}.Debug|Any CPU.ActiveCfg = Debug|Any CPU
		{3E310B58-AE2F-4A63-8624-0BB52D066E27}.Debug|Any CPU.Build.0 = Debug|Any CPU
		{3E310B58-AE2F-4A63-8624-0BB52D066E27}.Debug|x64.ActiveCfg = Debug|Any CPU
		{3E310B58-AE2F-4A63-8624-0BB52D066E27}.Debug|x64.Build.0 = Debug|Any CPU
		{3E310B58-AE2F-4A63-8624-0BB52D066E27}.Debug|x86.ActiveCfg = Debug|Any CPU
		{3E310B58-AE2F-4A63-8624-0BB52D066E27}.Debug|x86.Build.0 = Debug|Any CPU
		{3E310B58-AE2F-4A63-8624-0BB52D066E27}.Release|Any CPU.ActiveCfg = Release|Any CPU
		{3E310B58-AE2F-4A63-8624-0BB52D066E27}.Release|Any CPU.Build.0 = Release|Any CPU
		{3E310B58-AE2F-4A63-8624-0BB52D066E27}.Release|x64.ActiveCfg = Release|Any CPU
		{3E310B58-AE2F-4A63-8624-0BB52D066E27}.Release|x64.Build.0 = Release|Any CPU
		{3E310B58-AE2F-4A63-8624-0BB52D066E27}.Release|x86.ActiveCfg = Release|Any CPU
		{3E310B58-AE2F-4A63-8624-0BB52D066E27}.Release|x86.Build.0 = Release|Any CPU
		{CCA7A753-B445-479A-BE59-EBA87D2495AE}.Debug|Any CPU.ActiveCfg = Debug|Any CPU
		{CCA7A753-B445-479A-BE59-EBA87D2495AE}.Debug|Any CPU.Build.0 = Debug|Any CPU
		{CCA7A753-B445-479A-BE59-EBA87D2495AE}.Debug|x64.ActiveCfg = Debug|Any CPU
		{CCA7A753-B445-479A-BE59-EBA87D2495AE}.Debug|x64.Build.0 = Debug|Any CPU
		{CCA7A753-B445-479A-BE59-EBA87D2495AE}.Debug|x86.ActiveCfg = Debug|Any CPU
		{CCA7A753-B445-479A-BE59-EBA87D2495AE}.Debug|x86.Build.0 = Debug|Any CPU
		{CCA7A753-B445-479A-BE59-EBA87D2495AE}.Release|Any CPU.ActiveCfg = Release|Any CPU
		{CCA7A753-B445-479A-BE59-EBA87D2495AE}.Release|Any CPU.Build.0 = Release|Any CPU
		{CCA7A753-B445-479A-BE59-EBA87D2495AE}.Release|x64.ActiveCfg = Release|Any CPU
		{CCA7A753-B445-479A-BE59-EBA87D2495AE}.Release|x64.Build.0 = Release|Any CPU
		{CCA7A753-B445-479A-BE59-EBA87D2495AE}.Release|x86.ActiveCfg = Release|Any CPU
		{CCA7A753-B445-479A-BE59-EBA87D2495AE}.Release|x86.Build.0 = Release|Any CPU
		{AD1DF7BB-F953-42C7-ADBC-8288EDB60A25}.Debug|Any CPU.ActiveCfg = Debug|Any CPU
		{AD1DF7BB-F953-42C7-ADBC-8288EDB60A25}.Debug|Any CPU.Build.0 = Debug|Any CPU
		{AD1DF7BB-F953-42C7-ADBC-8288EDB60A25}.Debug|x64.ActiveCfg = Debug|Any CPU
		{AD1DF7BB-F953-42C7-ADBC-8288EDB60A25}.Debug|x64.Build.0 = Debug|Any CPU
		{AD1DF7BB-F953-42C7-ADBC-8288EDB60A25}.Debug|x86.ActiveCfg = Debug|Any CPU
		{AD1DF7BB-F953-42C7-ADBC-8288EDB60A25}.Debug|x86.Build.0 = Debug|Any CPU
		{AD1DF7BB-F953-42C7-ADBC-8288EDB60A25}.Release|Any CPU.ActiveCfg = Release|Any CPU
		{AD1DF7BB-F953-42C7-ADBC-8288EDB60A25}.Release|Any CPU.Build.0 = Release|Any CPU
		{AD1DF7BB-F953-42C7-ADBC-8288EDB60A25}.Release|x64.ActiveCfg = Release|Any CPU
		{AD1DF7BB-F953-42C7-ADBC-8288EDB60A25}.Release|x64.Build.0 = Release|Any CPU
		{AD1DF7BB-F953-42C7-ADBC-8288EDB60A25}.Release|x86.ActiveCfg = Release|Any CPU
		{AD1DF7BB-F953-42C7-ADBC-8288EDB60A25}.Release|x86.Build.0 = Release|Any CPU
		{7C2404A9-CC44-42B7-A21E-2C60576FA9E7}.Debug|Any CPU.ActiveCfg = Debug|Any CPU
		{7C2404A9-CC44-42B7-A21E-2C60576FA9E7}.Debug|Any CPU.Build.0 = Debug|Any CPU
		{7C2404A9-CC44-42B7-A21E-2C60576FA9E7}.Debug|x64.ActiveCfg = Debug|Any CPU
		{7C2404A9-CC44-42B7-A21E-2C60576FA9E7}.Debug|x64.Build.0 = Debug|Any CPU
		{7C2404A9-CC44-42B7-A21E-2C60576FA9E7}.Debug|x86.ActiveCfg = Debug|Any CPU
		{7C2404A9-CC44-42B7-A21E-2C60576FA9E7}.Debug|x86.Build.0 = Debug|Any CPU
		{7C2404A9-CC44-42B7-A21E-2C60576FA9E7}.Release|Any CPU.ActiveCfg = Release|Any CPU
		{7C2404A9-CC44-42B7-A21E-2C60576FA9E7}.Release|Any CPU.Build.0 = Release|Any CPU
		{7C2404A9-CC44-42B7-A21E-2C60576FA9E7}.Release|x64.ActiveCfg = Release|Any CPU
		{7C2404A9-CC44-42B7-A21E-2C60576FA9E7}.Release|x64.Build.0 = Release|Any CPU
		{7C2404A9-CC44-42B7-A21E-2C60576FA9E7}.Release|x86.ActiveCfg = Release|Any CPU
		{7C2404A9-CC44-42B7-A21E-2C60576FA9E7}.Release|x86.Build.0 = Release|Any CPU
		{43B32B21-D755-4D30-B4BF-25EFA7D889A6}.Debug|Any CPU.ActiveCfg = Debug|Any CPU
		{43B32B21-D755-4D30-B4BF-25EFA7D889A6}.Debug|Any CPU.Build.0 = Debug|Any CPU
		{43B32B21-D755-4D30-B4BF-25EFA7D889A6}.Debug|x64.ActiveCfg = Debug|Any CPU
		{43B32B21-D755-4D30-B4BF-25EFA7D889A6}.Debug|x64.Build.0 = Debug|Any CPU
		{43B32B21-D755-4D30-B4BF-25EFA7D889A6}.Debug|x86.ActiveCfg = Debug|Any CPU
		{43B32B21-D755-4D30-B4BF-25EFA7D889A6}.Debug|x86.Build.0 = Debug|Any CPU
		{43B32B21-D755-4D30-B4BF-25EFA7D889A6}.Release|Any CPU.ActiveCfg = Release|Any CPU
		{43B32B21-D755-4D30-B4BF-25EFA7D889A6}.Release|Any CPU.Build.0 = Release|Any CPU
		{43B32B21-D755-4D30-B4BF-25EFA7D889A6}.Release|x64.ActiveCfg = Release|Any CPU
		{43B32B21-D755-4D30-B4BF-25EFA7D889A6}.Release|x64.Build.0 = Release|Any CPU
		{43B32B21-D755-4D30-B4BF-25EFA7D889A6}.Release|x86.ActiveCfg = Release|Any CPU
		{43B32B21-D755-4D30-B4BF-25EFA7D889A6}.Release|x86.Build.0 = Release|Any CPU
		{826C30EF-9188-4E9A-BEE5-04889168F711}.Debug|Any CPU.ActiveCfg = Debug|Any CPU
		{826C30EF-9188-4E9A-BEE5-04889168F711}.Debug|Any CPU.Build.0 = Debug|Any CPU
		{826C30EF-9188-4E9A-BEE5-04889168F711}.Debug|x64.ActiveCfg = Debug|Any CPU
		{826C30EF-9188-4E9A-BEE5-04889168F711}.Debug|x64.Build.0 = Debug|Any CPU
		{826C30EF-9188-4E9A-BEE5-04889168F711}.Debug|x86.ActiveCfg = Debug|Any CPU
		{826C30EF-9188-4E9A-BEE5-04889168F711}.Debug|x86.Build.0 = Debug|Any CPU
		{826C30EF-9188-4E9A-BEE5-04889168F711}.Release|Any CPU.ActiveCfg = Release|Any CPU
		{826C30EF-9188-4E9A-BEE5-04889168F711}.Release|Any CPU.Build.0 = Release|Any CPU
		{826C30EF-9188-4E9A-BEE5-04889168F711}.Release|x64.ActiveCfg = Release|Any CPU
		{826C30EF-9188-4E9A-BEE5-04889168F711}.Release|x64.Build.0 = Release|Any CPU
		{826C30EF-9188-4E9A-BEE5-04889168F711}.Release|x86.ActiveCfg = Release|Any CPU
		{826C30EF-9188-4E9A-BEE5-04889168F711}.Release|x86.Build.0 = Release|Any CPU
		{7451AEC8-3EA0-4BD5-AE1A-4885A87B8100}.Debug|Any CPU.ActiveCfg = Debug|Any CPU
		{7451AEC8-3EA0-4BD5-AE1A-4885A87B8100}.Debug|Any CPU.Build.0 = Debug|Any CPU
		{7451AEC8-3EA0-4BD5-AE1A-4885A87B8100}.Debug|x64.ActiveCfg = Debug|Any CPU
		{7451AEC8-3EA0-4BD5-AE1A-4885A87B8100}.Debug|x64.Build.0 = Debug|Any CPU
		{7451AEC8-3EA0-4BD5-AE1A-4885A87B8100}.Debug|x86.ActiveCfg = Debug|Any CPU
		{7451AEC8-3EA0-4BD5-AE1A-4885A87B8100}.Debug|x86.Build.0 = Debug|Any CPU
		{7451AEC8-3EA0-4BD5-AE1A-4885A87B8100}.Release|Any CPU.ActiveCfg = Release|Any CPU
		{7451AEC8-3EA0-4BD5-AE1A-4885A87B8100}.Release|Any CPU.Build.0 = Release|Any CPU
		{7451AEC8-3EA0-4BD5-AE1A-4885A87B8100}.Release|x64.ActiveCfg = Release|Any CPU
		{7451AEC8-3EA0-4BD5-AE1A-4885A87B8100}.Release|x64.Build.0 = Release|Any CPU
		{7451AEC8-3EA0-4BD5-AE1A-4885A87B8100}.Release|x86.ActiveCfg = Release|Any CPU
		{7451AEC8-3EA0-4BD5-AE1A-4885A87B8100}.Release|x86.Build.0 = Release|Any CPU
		{3E49F6C2-20EC-4EA5-AB69-8012E55772ED}.Debug|Any CPU.ActiveCfg = Debug|Any CPU
		{3E49F6C2-20EC-4EA5-AB69-8012E55772ED}.Debug|Any CPU.Build.0 = Debug|Any CPU
		{3E49F6C2-20EC-4EA5-AB69-8012E55772ED}.Debug|x64.ActiveCfg = Debug|Any CPU
		{3E49F6C2-20EC-4EA5-AB69-8012E55772ED}.Debug|x64.Build.0 = Debug|Any CPU
		{3E49F6C2-20EC-4EA5-AB69-8012E55772ED}.Debug|x86.ActiveCfg = Debug|Any CPU
		{3E49F6C2-20EC-4EA5-AB69-8012E55772ED}.Debug|x86.Build.0 = Debug|Any CPU
		{3E49F6C2-20EC-4EA5-AB69-8012E55772ED}.Release|Any CPU.ActiveCfg = Release|Any CPU
		{3E49F6C2-20EC-4EA5-AB69-8012E55772ED}.Release|Any CPU.Build.0 = Release|Any CPU
		{3E49F6C2-20EC-4EA5-AB69-8012E55772ED}.Release|x64.ActiveCfg = Release|Any CPU
		{3E49F6C2-20EC-4EA5-AB69-8012E55772ED}.Release|x64.Build.0 = Release|Any CPU
		{3E49F6C2-20EC-4EA5-AB69-8012E55772ED}.Release|x86.ActiveCfg = Release|Any CPU
		{3E49F6C2-20EC-4EA5-AB69-8012E55772ED}.Release|x86.Build.0 = Release|Any CPU
		{7479E0D9-C9ED-4FD7-8ED3-30F831EA3F17}.Debug|Any CPU.ActiveCfg = Debug|Any CPU
		{7479E0D9-C9ED-4FD7-8ED3-30F831EA3F17}.Debug|Any CPU.Build.0 = Debug|Any CPU
		{7479E0D9-C9ED-4FD7-8ED3-30F831EA3F17}.Debug|x64.ActiveCfg = Debug|Any CPU
		{7479E0D9-C9ED-4FD7-8ED3-30F831EA3F17}.Debug|x64.Build.0 = Debug|Any CPU
		{7479E0D9-C9ED-4FD7-8ED3-30F831EA3F17}.Debug|x86.ActiveCfg = Debug|Any CPU
		{7479E0D9-C9ED-4FD7-8ED3-30F831EA3F17}.Debug|x86.Build.0 = Debug|Any CPU
		{7479E0D9-C9ED-4FD7-8ED3-30F831EA3F17}.Release|Any CPU.ActiveCfg = Release|Any CPU
		{7479E0D9-C9ED-4FD7-8ED3-30F831EA3F17}.Release|Any CPU.Build.0 = Release|Any CPU
		{7479E0D9-C9ED-4FD7-8ED3-30F831EA3F17}.Release|x64.ActiveCfg = Release|Any CPU
		{7479E0D9-C9ED-4FD7-8ED3-30F831EA3F17}.Release|x64.Build.0 = Release|Any CPU
		{7479E0D9-C9ED-4FD7-8ED3-30F831EA3F17}.Release|x86.ActiveCfg = Release|Any CPU
		{7479E0D9-C9ED-4FD7-8ED3-30F831EA3F17}.Release|x86.Build.0 = Release|Any CPU
		{C48A88A1-8C7A-4EC3-A58D-E2C9E6334C9B}.Debug|Any CPU.ActiveCfg = Debug|Any CPU
		{C48A88A1-8C7A-4EC3-A58D-E2C9E6334C9B}.Debug|Any CPU.Build.0 = Debug|Any CPU
		{C48A88A1-8C7A-4EC3-A58D-E2C9E6334C9B}.Debug|x64.ActiveCfg = Debug|Any CPU
		{C48A88A1-8C7A-4EC3-A58D-E2C9E6334C9B}.Debug|x64.Build.0 = Debug|Any CPU
		{C48A88A1-8C7A-4EC3-A58D-E2C9E6334C9B}.Debug|x86.ActiveCfg = Debug|Any CPU
		{C48A88A1-8C7A-4EC3-A58D-E2C9E6334C9B}.Debug|x86.Build.0 = Debug|Any CPU
		{C48A88A1-8C7A-4EC3-A58D-E2C9E6334C9B}.Release|Any CPU.ActiveCfg = Release|Any CPU
		{C48A88A1-8C7A-4EC3-A58D-E2C9E6334C9B}.Release|Any CPU.Build.0 = Release|Any CPU
		{C48A88A1-8C7A-4EC3-A58D-E2C9E6334C9B}.Release|x64.ActiveCfg = Release|Any CPU
		{C48A88A1-8C7A-4EC3-A58D-E2C9E6334C9B}.Release|x64.Build.0 = Release|Any CPU
		{C48A88A1-8C7A-4EC3-A58D-E2C9E6334C9B}.Release|x86.ActiveCfg = Release|Any CPU
		{C48A88A1-8C7A-4EC3-A58D-E2C9E6334C9B}.Release|x86.Build.0 = Release|Any CPU
		{0239EBCB-B5CF-463F-89D5-2FF61BF5190F}.Debug|Any CPU.ActiveCfg = Debug|Any CPU
		{0239EBCB-B5CF-463F-89D5-2FF61BF5190F}.Debug|Any CPU.Build.0 = Debug|Any CPU
		{0239EBCB-B5CF-463F-89D5-2FF61BF5190F}.Debug|x64.ActiveCfg = Debug|Any CPU
		{0239EBCB-B5CF-463F-89D5-2FF61BF5190F}.Debug|x64.Build.0 = Debug|Any CPU
		{0239EBCB-B5CF-463F-89D5-2FF61BF5190F}.Debug|x86.ActiveCfg = Debug|Any CPU
		{0239EBCB-B5CF-463F-89D5-2FF61BF5190F}.Debug|x86.Build.0 = Debug|Any CPU
		{0239EBCB-B5CF-463F-89D5-2FF61BF5190F}.Release|Any CPU.ActiveCfg = Release|Any CPU
		{0239EBCB-B5CF-463F-89D5-2FF61BF5190F}.Release|Any CPU.Build.0 = Release|Any CPU
		{0239EBCB-B5CF-463F-89D5-2FF61BF5190F}.Release|x64.ActiveCfg = Release|Any CPU
		{0239EBCB-B5CF-463F-89D5-2FF61BF5190F}.Release|x64.Build.0 = Release|Any CPU
		{0239EBCB-B5CF-463F-89D5-2FF61BF5190F}.Release|x86.ActiveCfg = Release|Any CPU
		{0239EBCB-B5CF-463F-89D5-2FF61BF5190F}.Release|x86.Build.0 = Release|Any CPU
		{FBEE90C9-BB90-4B93-A34B-4AEC25F13344}.Debug|Any CPU.ActiveCfg = Debug|Any CPU
		{FBEE90C9-BB90-4B93-A34B-4AEC25F13344}.Debug|Any CPU.Build.0 = Debug|Any CPU
		{FBEE90C9-BB90-4B93-A34B-4AEC25F13344}.Debug|x64.ActiveCfg = Debug|Any CPU
		{FBEE90C9-BB90-4B93-A34B-4AEC25F13344}.Debug|x64.Build.0 = Debug|Any CPU
		{FBEE90C9-BB90-4B93-A34B-4AEC25F13344}.Debug|x86.ActiveCfg = Debug|Any CPU
		{FBEE90C9-BB90-4B93-A34B-4AEC25F13344}.Debug|x86.Build.0 = Debug|Any CPU
		{FBEE90C9-BB90-4B93-A34B-4AEC25F13344}.Release|Any CPU.ActiveCfg = Release|Any CPU
		{FBEE90C9-BB90-4B93-A34B-4AEC25F13344}.Release|Any CPU.Build.0 = Release|Any CPU
		{FBEE90C9-BB90-4B93-A34B-4AEC25F13344}.Release|x64.ActiveCfg = Release|Any CPU
		{FBEE90C9-BB90-4B93-A34B-4AEC25F13344}.Release|x64.Build.0 = Release|Any CPU
		{FBEE90C9-BB90-4B93-A34B-4AEC25F13344}.Release|x86.ActiveCfg = Release|Any CPU
		{FBEE90C9-BB90-4B93-A34B-4AEC25F13344}.Release|x86.Build.0 = Release|Any CPU
		{3B205F4B-393E-4399-9032-11DC7D219D83}.Debug|Any CPU.ActiveCfg = Debug|Any CPU
		{3B205F4B-393E-4399-9032-11DC7D219D83}.Debug|Any CPU.Build.0 = Debug|Any CPU
		{3B205F4B-393E-4399-9032-11DC7D219D83}.Debug|x64.ActiveCfg = Debug|Any CPU
		{3B205F4B-393E-4399-9032-11DC7D219D83}.Debug|x64.Build.0 = Debug|Any CPU
		{3B205F4B-393E-4399-9032-11DC7D219D83}.Debug|x86.ActiveCfg = Debug|Any CPU
		{3B205F4B-393E-4399-9032-11DC7D219D83}.Debug|x86.Build.0 = Debug|Any CPU
		{3B205F4B-393E-4399-9032-11DC7D219D83}.Release|Any CPU.ActiveCfg = Release|Any CPU
		{3B205F4B-393E-4399-9032-11DC7D219D83}.Release|Any CPU.Build.0 = Release|Any CPU
		{3B205F4B-393E-4399-9032-11DC7D219D83}.Release|x64.ActiveCfg = Release|Any CPU
		{3B205F4B-393E-4399-9032-11DC7D219D83}.Release|x64.Build.0 = Release|Any CPU
		{3B205F4B-393E-4399-9032-11DC7D219D83}.Release|x86.ActiveCfg = Release|Any CPU
		{3B205F4B-393E-4399-9032-11DC7D219D83}.Release|x86.Build.0 = Release|Any CPU
		{10A7B021-1171-4C6F-8CC1-45C0FFDAAB43}.Debug|Any CPU.ActiveCfg = Debug|Any CPU
		{10A7B021-1171-4C6F-8CC1-45C0FFDAAB43}.Debug|Any CPU.Build.0 = Debug|Any CPU
		{10A7B021-1171-4C6F-8CC1-45C0FFDAAB43}.Debug|x64.ActiveCfg = Debug|Any CPU
		{10A7B021-1171-4C6F-8CC1-45C0FFDAAB43}.Debug|x64.Build.0 = Debug|Any CPU
		{10A7B021-1171-4C6F-8CC1-45C0FFDAAB43}.Debug|x86.ActiveCfg = Debug|Any CPU
		{10A7B021-1171-4C6F-8CC1-45C0FFDAAB43}.Debug|x86.Build.0 = Debug|Any CPU
		{10A7B021-1171-4C6F-8CC1-45C0FFDAAB43}.Release|Any CPU.ActiveCfg = Release|Any CPU
		{10A7B021-1171-4C6F-8CC1-45C0FFDAAB43}.Release|Any CPU.Build.0 = Release|Any CPU
		{10A7B021-1171-4C6F-8CC1-45C0FFDAAB43}.Release|x64.ActiveCfg = Release|Any CPU
		{10A7B021-1171-4C6F-8CC1-45C0FFDAAB43}.Release|x64.Build.0 = Release|Any CPU
		{10A7B021-1171-4C6F-8CC1-45C0FFDAAB43}.Release|x86.ActiveCfg = Release|Any CPU
		{10A7B021-1171-4C6F-8CC1-45C0FFDAAB43}.Release|x86.Build.0 = Release|Any CPU
		{429C3E54-2F39-4F67-9208-F649A8F7D357}.Debug|Any CPU.ActiveCfg = Debug|Any CPU
		{429C3E54-2F39-4F67-9208-F649A8F7D357}.Debug|Any CPU.Build.0 = Debug|Any CPU
		{429C3E54-2F39-4F67-9208-F649A8F7D357}.Debug|x64.ActiveCfg = Debug|Any CPU
		{429C3E54-2F39-4F67-9208-F649A8F7D357}.Debug|x64.Build.0 = Debug|Any CPU
		{429C3E54-2F39-4F67-9208-F649A8F7D357}.Debug|x86.ActiveCfg = Debug|Any CPU
		{429C3E54-2F39-4F67-9208-F649A8F7D357}.Debug|x86.Build.0 = Debug|Any CPU
		{429C3E54-2F39-4F67-9208-F649A8F7D357}.Release|Any CPU.ActiveCfg = Release|Any CPU
		{429C3E54-2F39-4F67-9208-F649A8F7D357}.Release|Any CPU.Build.0 = Release|Any CPU
		{429C3E54-2F39-4F67-9208-F649A8F7D357}.Release|x64.ActiveCfg = Release|Any CPU
		{429C3E54-2F39-4F67-9208-F649A8F7D357}.Release|x64.Build.0 = Release|Any CPU
		{429C3E54-2F39-4F67-9208-F649A8F7D357}.Release|x86.ActiveCfg = Release|Any CPU
		{429C3E54-2F39-4F67-9208-F649A8F7D357}.Release|x86.Build.0 = Release|Any CPU
		{6645E934-0517-42F7-B9B6-E73BEDAED535}.Debug|Any CPU.ActiveCfg = Debug|Any CPU
		{6645E934-0517-42F7-B9B6-E73BEDAED535}.Debug|Any CPU.Build.0 = Debug|Any CPU
		{6645E934-0517-42F7-B9B6-E73BEDAED535}.Debug|x64.ActiveCfg = Debug|Any CPU
		{6645E934-0517-42F7-B9B6-E73BEDAED535}.Debug|x64.Build.0 = Debug|Any CPU
		{6645E934-0517-42F7-B9B6-E73BEDAED535}.Debug|x86.ActiveCfg = Debug|Any CPU
		{6645E934-0517-42F7-B9B6-E73BEDAED535}.Debug|x86.Build.0 = Debug|Any CPU
		{6645E934-0517-42F7-B9B6-E73BEDAED535}.Release|Any CPU.ActiveCfg = Release|Any CPU
		{6645E934-0517-42F7-B9B6-E73BEDAED535}.Release|Any CPU.Build.0 = Release|Any CPU
		{6645E934-0517-42F7-B9B6-E73BEDAED535}.Release|x64.ActiveCfg = Release|Any CPU
		{6645E934-0517-42F7-B9B6-E73BEDAED535}.Release|x64.Build.0 = Release|Any CPU
		{6645E934-0517-42F7-B9B6-E73BEDAED535}.Release|x86.ActiveCfg = Release|Any CPU
		{6645E934-0517-42F7-B9B6-E73BEDAED535}.Release|x86.Build.0 = Release|Any CPU
		{1E4728F6-4BAE-4D6B-927C-288A0CF292ED}.Debug|Any CPU.ActiveCfg = Debug|Any CPU
		{1E4728F6-4BAE-4D6B-927C-288A0CF292ED}.Debug|Any CPU.Build.0 = Debug|Any CPU
		{1E4728F6-4BAE-4D6B-927C-288A0CF292ED}.Debug|x64.ActiveCfg = Debug|Any CPU
		{1E4728F6-4BAE-4D6B-927C-288A0CF292ED}.Debug|x64.Build.0 = Debug|Any CPU
		{1E4728F6-4BAE-4D6B-927C-288A0CF292ED}.Debug|x86.ActiveCfg = Debug|Any CPU
		{1E4728F6-4BAE-4D6B-927C-288A0CF292ED}.Debug|x86.Build.0 = Debug|Any CPU
		{1E4728F6-4BAE-4D6B-927C-288A0CF292ED}.Release|Any CPU.ActiveCfg = Release|Any CPU
		{1E4728F6-4BAE-4D6B-927C-288A0CF292ED}.Release|Any CPU.Build.0 = Release|Any CPU
		{1E4728F6-4BAE-4D6B-927C-288A0CF292ED}.Release|x64.ActiveCfg = Release|Any CPU
		{1E4728F6-4BAE-4D6B-927C-288A0CF292ED}.Release|x64.Build.0 = Release|Any CPU
		{1E4728F6-4BAE-4D6B-927C-288A0CF292ED}.Release|x86.ActiveCfg = Release|Any CPU
		{1E4728F6-4BAE-4D6B-927C-288A0CF292ED}.Release|x86.Build.0 = Release|Any CPU
		{AC72EC83-2F8D-4757-ACE7-83635A971DAE}.Debug|Any CPU.ActiveCfg = Debug|Any CPU
		{AC72EC83-2F8D-4757-ACE7-83635A971DAE}.Debug|Any CPU.Build.0 = Debug|Any CPU
		{AC72EC83-2F8D-4757-ACE7-83635A971DAE}.Debug|x64.ActiveCfg = Debug|Any CPU
		{AC72EC83-2F8D-4757-ACE7-83635A971DAE}.Debug|x64.Build.0 = Debug|Any CPU
		{AC72EC83-2F8D-4757-ACE7-83635A971DAE}.Debug|x86.ActiveCfg = Debug|Any CPU
		{AC72EC83-2F8D-4757-ACE7-83635A971DAE}.Debug|x86.Build.0 = Debug|Any CPU
		{AC72EC83-2F8D-4757-ACE7-83635A971DAE}.Release|Any CPU.ActiveCfg = Release|Any CPU
		{AC72EC83-2F8D-4757-ACE7-83635A971DAE}.Release|Any CPU.Build.0 = Release|Any CPU
		{AC72EC83-2F8D-4757-ACE7-83635A971DAE}.Release|x64.ActiveCfg = Release|Any CPU
		{AC72EC83-2F8D-4757-ACE7-83635A971DAE}.Release|x64.Build.0 = Release|Any CPU
		{AC72EC83-2F8D-4757-ACE7-83635A971DAE}.Release|x86.ActiveCfg = Release|Any CPU
		{AC72EC83-2F8D-4757-ACE7-83635A971DAE}.Release|x86.Build.0 = Release|Any CPU
		{44EAD1DB-6B4B-47B2-B727-5DC7621A18D0}.Debug|Any CPU.ActiveCfg = Debug|Any CPU
		{44EAD1DB-6B4B-47B2-B727-5DC7621A18D0}.Debug|Any CPU.Build.0 = Debug|Any CPU
		{44EAD1DB-6B4B-47B2-B727-5DC7621A18D0}.Debug|x64.ActiveCfg = Debug|Any CPU
		{44EAD1DB-6B4B-47B2-B727-5DC7621A18D0}.Debug|x64.Build.0 = Debug|Any CPU
		{44EAD1DB-6B4B-47B2-B727-5DC7621A18D0}.Debug|x86.ActiveCfg = Debug|Any CPU
		{44EAD1DB-6B4B-47B2-B727-5DC7621A18D0}.Debug|x86.Build.0 = Debug|Any CPU
		{44EAD1DB-6B4B-47B2-B727-5DC7621A18D0}.Release|Any CPU.ActiveCfg = Release|Any CPU
		{44EAD1DB-6B4B-47B2-B727-5DC7621A18D0}.Release|Any CPU.Build.0 = Release|Any CPU
		{44EAD1DB-6B4B-47B2-B727-5DC7621A18D0}.Release|x64.ActiveCfg = Release|Any CPU
		{44EAD1DB-6B4B-47B2-B727-5DC7621A18D0}.Release|x64.Build.0 = Release|Any CPU
		{44EAD1DB-6B4B-47B2-B727-5DC7621A18D0}.Release|x86.ActiveCfg = Release|Any CPU
		{44EAD1DB-6B4B-47B2-B727-5DC7621A18D0}.Release|x86.Build.0 = Release|Any CPU
		{D33863E2-39CF-47FA-9AC7-DDEFA8DAF7C7}.Debug|Any CPU.ActiveCfg = Debug|Any CPU
		{D33863E2-39CF-47FA-9AC7-DDEFA8DAF7C7}.Debug|Any CPU.Build.0 = Debug|Any CPU
		{D33863E2-39CF-47FA-9AC7-DDEFA8DAF7C7}.Debug|x64.ActiveCfg = Debug|Any CPU
		{D33863E2-39CF-47FA-9AC7-DDEFA8DAF7C7}.Debug|x64.Build.0 = Debug|Any CPU
		{D33863E2-39CF-47FA-9AC7-DDEFA8DAF7C7}.Debug|x86.ActiveCfg = Debug|Any CPU
		{D33863E2-39CF-47FA-9AC7-DDEFA8DAF7C7}.Debug|x86.Build.0 = Debug|Any CPU
		{D33863E2-39CF-47FA-9AC7-DDEFA8DAF7C7}.Release|Any CPU.ActiveCfg = Release|Any CPU
		{D33863E2-39CF-47FA-9AC7-DDEFA8DAF7C7}.Release|Any CPU.Build.0 = Release|Any CPU
		{D33863E2-39CF-47FA-9AC7-DDEFA8DAF7C7}.Release|x64.ActiveCfg = Release|Any CPU
		{D33863E2-39CF-47FA-9AC7-DDEFA8DAF7C7}.Release|x64.Build.0 = Release|Any CPU
		{D33863E2-39CF-47FA-9AC7-DDEFA8DAF7C7}.Release|x86.ActiveCfg = Release|Any CPU
		{D33863E2-39CF-47FA-9AC7-DDEFA8DAF7C7}.Release|x86.Build.0 = Release|Any CPU
		{7242CDB2-C08F-4CED-888E-26073D8A10A8}.Debug|Any CPU.ActiveCfg = Debug|Any CPU
		{7242CDB2-C08F-4CED-888E-26073D8A10A8}.Debug|Any CPU.Build.0 = Debug|Any CPU
		{7242CDB2-C08F-4CED-888E-26073D8A10A8}.Debug|x64.ActiveCfg = Debug|Any CPU
		{7242CDB2-C08F-4CED-888E-26073D8A10A8}.Debug|x64.Build.0 = Debug|Any CPU
		{7242CDB2-C08F-4CED-888E-26073D8A10A8}.Debug|x86.ActiveCfg = Debug|Any CPU
		{7242CDB2-C08F-4CED-888E-26073D8A10A8}.Debug|x86.Build.0 = Debug|Any CPU
		{7242CDB2-C08F-4CED-888E-26073D8A10A8}.Release|Any CPU.ActiveCfg = Release|Any CPU
		{7242CDB2-C08F-4CED-888E-26073D8A10A8}.Release|Any CPU.Build.0 = Release|Any CPU
		{7242CDB2-C08F-4CED-888E-26073D8A10A8}.Release|x64.ActiveCfg = Release|Any CPU
		{7242CDB2-C08F-4CED-888E-26073D8A10A8}.Release|x64.Build.0 = Release|Any CPU
		{7242CDB2-C08F-4CED-888E-26073D8A10A8}.Release|x86.ActiveCfg = Release|Any CPU
		{7242CDB2-C08F-4CED-888E-26073D8A10A8}.Release|x86.Build.0 = Release|Any CPU
		{1B5296EB-D81F-454C-995A-DB4CC2E61415}.Debug|Any CPU.ActiveCfg = Debug|Any CPU
		{1B5296EB-D81F-454C-995A-DB4CC2E61415}.Debug|Any CPU.Build.0 = Debug|Any CPU
		{1B5296EB-D81F-454C-995A-DB4CC2E61415}.Debug|x64.ActiveCfg = Debug|Any CPU
		{1B5296EB-D81F-454C-995A-DB4CC2E61415}.Debug|x64.Build.0 = Debug|Any CPU
		{1B5296EB-D81F-454C-995A-DB4CC2E61415}.Debug|x86.ActiveCfg = Debug|Any CPU
		{1B5296EB-D81F-454C-995A-DB4CC2E61415}.Debug|x86.Build.0 = Debug|Any CPU
		{1B5296EB-D81F-454C-995A-DB4CC2E61415}.Release|Any CPU.ActiveCfg = Release|Any CPU
		{1B5296EB-D81F-454C-995A-DB4CC2E61415}.Release|Any CPU.Build.0 = Release|Any CPU
		{1B5296EB-D81F-454C-995A-DB4CC2E61415}.Release|x64.ActiveCfg = Release|Any CPU
		{1B5296EB-D81F-454C-995A-DB4CC2E61415}.Release|x64.Build.0 = Release|Any CPU
		{1B5296EB-D81F-454C-995A-DB4CC2E61415}.Release|x86.ActiveCfg = Release|Any CPU
		{1B5296EB-D81F-454C-995A-DB4CC2E61415}.Release|x86.Build.0 = Release|Any CPU
		{CDD9CA1F-C4D5-43A2-A2F8-B3EE214B5C75}.Debug|Any CPU.ActiveCfg = Debug|Any CPU
		{CDD9CA1F-C4D5-43A2-A2F8-B3EE214B5C75}.Debug|Any CPU.Build.0 = Debug|Any CPU
		{CDD9CA1F-C4D5-43A2-A2F8-B3EE214B5C75}.Debug|x64.ActiveCfg = Debug|Any CPU
		{CDD9CA1F-C4D5-43A2-A2F8-B3EE214B5C75}.Debug|x64.Build.0 = Debug|Any CPU
		{CDD9CA1F-C4D5-43A2-A2F8-B3EE214B5C75}.Debug|x86.ActiveCfg = Debug|Any CPU
		{CDD9CA1F-C4D5-43A2-A2F8-B3EE214B5C75}.Debug|x86.Build.0 = Debug|Any CPU
		{CDD9CA1F-C4D5-43A2-A2F8-B3EE214B5C75}.Release|Any CPU.ActiveCfg = Release|Any CPU
		{CDD9CA1F-C4D5-43A2-A2F8-B3EE214B5C75}.Release|Any CPU.Build.0 = Release|Any CPU
		{CDD9CA1F-C4D5-43A2-A2F8-B3EE214B5C75}.Release|x64.ActiveCfg = Release|Any CPU
		{CDD9CA1F-C4D5-43A2-A2F8-B3EE214B5C75}.Release|x64.Build.0 = Release|Any CPU
		{CDD9CA1F-C4D5-43A2-A2F8-B3EE214B5C75}.Release|x86.ActiveCfg = Release|Any CPU
		{CDD9CA1F-C4D5-43A2-A2F8-B3EE214B5C75}.Release|x86.Build.0 = Release|Any CPU
		{719C8C15-B492-43DF-9DC2-555FFCF960BD}.Debug|Any CPU.ActiveCfg = Debug|Any CPU
		{719C8C15-B492-43DF-9DC2-555FFCF960BD}.Debug|Any CPU.Build.0 = Debug|Any CPU
		{719C8C15-B492-43DF-9DC2-555FFCF960BD}.Debug|x64.ActiveCfg = Debug|Any CPU
		{719C8C15-B492-43DF-9DC2-555FFCF960BD}.Debug|x64.Build.0 = Debug|Any CPU
		{719C8C15-B492-43DF-9DC2-555FFCF960BD}.Debug|x86.ActiveCfg = Debug|Any CPU
		{719C8C15-B492-43DF-9DC2-555FFCF960BD}.Debug|x86.Build.0 = Debug|Any CPU
		{719C8C15-B492-43DF-9DC2-555FFCF960BD}.Release|Any CPU.ActiveCfg = Release|Any CPU
		{719C8C15-B492-43DF-9DC2-555FFCF960BD}.Release|Any CPU.Build.0 = Release|Any CPU
		{719C8C15-B492-43DF-9DC2-555FFCF960BD}.Release|x64.ActiveCfg = Release|Any CPU
		{719C8C15-B492-43DF-9DC2-555FFCF960BD}.Release|x64.Build.0 = Release|Any CPU
		{719C8C15-B492-43DF-9DC2-555FFCF960BD}.Release|x86.ActiveCfg = Release|Any CPU
		{719C8C15-B492-43DF-9DC2-555FFCF960BD}.Release|x86.Build.0 = Release|Any CPU
		{53604AFB-0CCA-41EB-9A71-50D650106BFD}.Debug|Any CPU.ActiveCfg = Debug|Any CPU
		{53604AFB-0CCA-41EB-9A71-50D650106BFD}.Debug|Any CPU.Build.0 = Debug|Any CPU
		{53604AFB-0CCA-41EB-9A71-50D650106BFD}.Debug|x64.ActiveCfg = Debug|Any CPU
		{53604AFB-0CCA-41EB-9A71-50D650106BFD}.Debug|x64.Build.0 = Debug|Any CPU
		{53604AFB-0CCA-41EB-9A71-50D650106BFD}.Debug|x86.ActiveCfg = Debug|Any CPU
		{53604AFB-0CCA-41EB-9A71-50D650106BFD}.Debug|x86.Build.0 = Debug|Any CPU
		{53604AFB-0CCA-41EB-9A71-50D650106BFD}.Release|Any CPU.ActiveCfg = Release|Any CPU
		{53604AFB-0CCA-41EB-9A71-50D650106BFD}.Release|Any CPU.Build.0 = Release|Any CPU
		{53604AFB-0CCA-41EB-9A71-50D650106BFD}.Release|x64.ActiveCfg = Release|Any CPU
		{53604AFB-0CCA-41EB-9A71-50D650106BFD}.Release|x64.Build.0 = Release|Any CPU
		{53604AFB-0CCA-41EB-9A71-50D650106BFD}.Release|x86.ActiveCfg = Release|Any CPU
		{53604AFB-0CCA-41EB-9A71-50D650106BFD}.Release|x86.Build.0 = Release|Any CPU
		{704327ED-5912-4F5E-9B98-3E28DB05046B}.Debug|Any CPU.ActiveCfg = Debug|Any CPU
		{704327ED-5912-4F5E-9B98-3E28DB05046B}.Debug|Any CPU.Build.0 = Debug|Any CPU
		{704327ED-5912-4F5E-9B98-3E28DB05046B}.Debug|x64.ActiveCfg = Debug|Any CPU
		{704327ED-5912-4F5E-9B98-3E28DB05046B}.Debug|x64.Build.0 = Debug|Any CPU
		{704327ED-5912-4F5E-9B98-3E28DB05046B}.Debug|x86.ActiveCfg = Debug|Any CPU
		{704327ED-5912-4F5E-9B98-3E28DB05046B}.Debug|x86.Build.0 = Debug|Any CPU
		{704327ED-5912-4F5E-9B98-3E28DB05046B}.Release|Any CPU.ActiveCfg = Release|Any CPU
		{704327ED-5912-4F5E-9B98-3E28DB05046B}.Release|Any CPU.Build.0 = Release|Any CPU
		{704327ED-5912-4F5E-9B98-3E28DB05046B}.Release|x64.ActiveCfg = Release|Any CPU
		{704327ED-5912-4F5E-9B98-3E28DB05046B}.Release|x64.Build.0 = Release|Any CPU
		{704327ED-5912-4F5E-9B98-3E28DB05046B}.Release|x86.ActiveCfg = Release|Any CPU
		{704327ED-5912-4F5E-9B98-3E28DB05046B}.Release|x86.Build.0 = Release|Any CPU
		{FE11720B-8674-4A39-AFF3-E9068D4A25E9}.Debug|Any CPU.ActiveCfg = Debug|Any CPU
		{FE11720B-8674-4A39-AFF3-E9068D4A25E9}.Debug|Any CPU.Build.0 = Debug|Any CPU
		{FE11720B-8674-4A39-AFF3-E9068D4A25E9}.Debug|x64.ActiveCfg = Debug|Any CPU
		{FE11720B-8674-4A39-AFF3-E9068D4A25E9}.Debug|x64.Build.0 = Debug|Any CPU
		{FE11720B-8674-4A39-AFF3-E9068D4A25E9}.Debug|x86.ActiveCfg = Debug|Any CPU
		{FE11720B-8674-4A39-AFF3-E9068D4A25E9}.Debug|x86.Build.0 = Debug|Any CPU
		{FE11720B-8674-4A39-AFF3-E9068D4A25E9}.Release|Any CPU.ActiveCfg = Release|Any CPU
		{FE11720B-8674-4A39-AFF3-E9068D4A25E9}.Release|Any CPU.Build.0 = Release|Any CPU
		{FE11720B-8674-4A39-AFF3-E9068D4A25E9}.Release|x64.ActiveCfg = Release|Any CPU
		{FE11720B-8674-4A39-AFF3-E9068D4A25E9}.Release|x64.Build.0 = Release|Any CPU
		{FE11720B-8674-4A39-AFF3-E9068D4A25E9}.Release|x86.ActiveCfg = Release|Any CPU
		{FE11720B-8674-4A39-AFF3-E9068D4A25E9}.Release|x86.Build.0 = Release|Any CPU
		{69E5982C-89A5-4B6C-AA03-DEE81A86C19D}.Debug|Any CPU.ActiveCfg = Debug|Any CPU
		{69E5982C-89A5-4B6C-AA03-DEE81A86C19D}.Debug|Any CPU.Build.0 = Debug|Any CPU
		{69E5982C-89A5-4B6C-AA03-DEE81A86C19D}.Debug|x64.ActiveCfg = Debug|Any CPU
		{69E5982C-89A5-4B6C-AA03-DEE81A86C19D}.Debug|x64.Build.0 = Debug|Any CPU
		{69E5982C-89A5-4B6C-AA03-DEE81A86C19D}.Debug|x86.ActiveCfg = Debug|Any CPU
		{69E5982C-89A5-4B6C-AA03-DEE81A86C19D}.Debug|x86.Build.0 = Debug|Any CPU
		{69E5982C-89A5-4B6C-AA03-DEE81A86C19D}.Release|Any CPU.ActiveCfg = Release|Any CPU
		{69E5982C-89A5-4B6C-AA03-DEE81A86C19D}.Release|Any CPU.Build.0 = Release|Any CPU
		{69E5982C-89A5-4B6C-AA03-DEE81A86C19D}.Release|x64.ActiveCfg = Release|Any CPU
		{69E5982C-89A5-4B6C-AA03-DEE81A86C19D}.Release|x64.Build.0 = Release|Any CPU
		{69E5982C-89A5-4B6C-AA03-DEE81A86C19D}.Release|x86.ActiveCfg = Release|Any CPU
		{69E5982C-89A5-4B6C-AA03-DEE81A86C19D}.Release|x86.Build.0 = Release|Any CPU
		{59D55A6B-2EF9-4577-A053-357147C5B0D7}.Debug|Any CPU.ActiveCfg = Debug|Any CPU
		{59D55A6B-2EF9-4577-A053-357147C5B0D7}.Debug|Any CPU.Build.0 = Debug|Any CPU
		{59D55A6B-2EF9-4577-A053-357147C5B0D7}.Debug|x64.ActiveCfg = Debug|Any CPU
		{59D55A6B-2EF9-4577-A053-357147C5B0D7}.Debug|x64.Build.0 = Debug|Any CPU
		{59D55A6B-2EF9-4577-A053-357147C5B0D7}.Debug|x86.ActiveCfg = Debug|Any CPU
		{59D55A6B-2EF9-4577-A053-357147C5B0D7}.Debug|x86.Build.0 = Debug|Any CPU
		{59D55A6B-2EF9-4577-A053-357147C5B0D7}.Release|Any CPU.ActiveCfg = Release|Any CPU
		{59D55A6B-2EF9-4577-A053-357147C5B0D7}.Release|Any CPU.Build.0 = Release|Any CPU
		{59D55A6B-2EF9-4577-A053-357147C5B0D7}.Release|x64.ActiveCfg = Release|Any CPU
		{59D55A6B-2EF9-4577-A053-357147C5B0D7}.Release|x64.Build.0 = Release|Any CPU
		{59D55A6B-2EF9-4577-A053-357147C5B0D7}.Release|x86.ActiveCfg = Release|Any CPU
		{59D55A6B-2EF9-4577-A053-357147C5B0D7}.Release|x86.Build.0 = Release|Any CPU
		{497289A5-DE6E-4D33-BA39-6EE8E5724689}.Debug|Any CPU.ActiveCfg = Debug|Any CPU
		{497289A5-DE6E-4D33-BA39-6EE8E5724689}.Debug|Any CPU.Build.0 = Debug|Any CPU
		{497289A5-DE6E-4D33-BA39-6EE8E5724689}.Debug|x64.ActiveCfg = Debug|Any CPU
		{497289A5-DE6E-4D33-BA39-6EE8E5724689}.Debug|x64.Build.0 = Debug|Any CPU
		{497289A5-DE6E-4D33-BA39-6EE8E5724689}.Debug|x86.ActiveCfg = Debug|Any CPU
		{497289A5-DE6E-4D33-BA39-6EE8E5724689}.Debug|x86.Build.0 = Debug|Any CPU
		{497289A5-DE6E-4D33-BA39-6EE8E5724689}.Release|Any CPU.ActiveCfg = Release|Any CPU
		{497289A5-DE6E-4D33-BA39-6EE8E5724689}.Release|Any CPU.Build.0 = Release|Any CPU
		{497289A5-DE6E-4D33-BA39-6EE8E5724689}.Release|x64.ActiveCfg = Release|Any CPU
		{497289A5-DE6E-4D33-BA39-6EE8E5724689}.Release|x64.Build.0 = Release|Any CPU
		{497289A5-DE6E-4D33-BA39-6EE8E5724689}.Release|x86.ActiveCfg = Release|Any CPU
		{497289A5-DE6E-4D33-BA39-6EE8E5724689}.Release|x86.Build.0 = Release|Any CPU
		{3304F589-9C56-41D1-8EB9-D9465B4267E7}.Debug|Any CPU.ActiveCfg = Debug|Any CPU
		{3304F589-9C56-41D1-8EB9-D9465B4267E7}.Debug|Any CPU.Build.0 = Debug|Any CPU
		{3304F589-9C56-41D1-8EB9-D9465B4267E7}.Debug|x64.ActiveCfg = Debug|Any CPU
		{3304F589-9C56-41D1-8EB9-D9465B4267E7}.Debug|x64.Build.0 = Debug|Any CPU
		{3304F589-9C56-41D1-8EB9-D9465B4267E7}.Debug|x86.ActiveCfg = Debug|Any CPU
		{3304F589-9C56-41D1-8EB9-D9465B4267E7}.Debug|x86.Build.0 = Debug|Any CPU
		{3304F589-9C56-41D1-8EB9-D9465B4267E7}.Release|Any CPU.ActiveCfg = Release|Any CPU
		{3304F589-9C56-41D1-8EB9-D9465B4267E7}.Release|Any CPU.Build.0 = Release|Any CPU
		{3304F589-9C56-41D1-8EB9-D9465B4267E7}.Release|x64.ActiveCfg = Release|Any CPU
		{3304F589-9C56-41D1-8EB9-D9465B4267E7}.Release|x64.Build.0 = Release|Any CPU
		{3304F589-9C56-41D1-8EB9-D9465B4267E7}.Release|x86.ActiveCfg = Release|Any CPU
		{3304F589-9C56-41D1-8EB9-D9465B4267E7}.Release|x86.Build.0 = Release|Any CPU
		{E9FB17F6-8E61-40B9-BA04-F7C9C25919E8}.Debug|Any CPU.ActiveCfg = Debug|Any CPU
		{E9FB17F6-8E61-40B9-BA04-F7C9C25919E8}.Debug|Any CPU.Build.0 = Debug|Any CPU
		{E9FB17F6-8E61-40B9-BA04-F7C9C25919E8}.Debug|x64.ActiveCfg = Debug|Any CPU
		{E9FB17F6-8E61-40B9-BA04-F7C9C25919E8}.Debug|x64.Build.0 = Debug|Any CPU
		{E9FB17F6-8E61-40B9-BA04-F7C9C25919E8}.Debug|x86.ActiveCfg = Debug|Any CPU
		{E9FB17F6-8E61-40B9-BA04-F7C9C25919E8}.Debug|x86.Build.0 = Debug|Any CPU
		{E9FB17F6-8E61-40B9-BA04-F7C9C25919E8}.Release|Any CPU.ActiveCfg = Release|Any CPU
		{E9FB17F6-8E61-40B9-BA04-F7C9C25919E8}.Release|Any CPU.Build.0 = Release|Any CPU
		{E9FB17F6-8E61-40B9-BA04-F7C9C25919E8}.Release|x64.ActiveCfg = Release|Any CPU
		{E9FB17F6-8E61-40B9-BA04-F7C9C25919E8}.Release|x64.Build.0 = Release|Any CPU
		{E9FB17F6-8E61-40B9-BA04-F7C9C25919E8}.Release|x86.ActiveCfg = Release|Any CPU
		{E9FB17F6-8E61-40B9-BA04-F7C9C25919E8}.Release|x86.Build.0 = Release|Any CPU
		{58DEC459-4E61-55F6-703C-82F5AFD80529}.Debug|Any CPU.ActiveCfg = Debug|Any CPU
		{58DEC459-4E61-55F6-703C-82F5AFD80529}.Debug|Any CPU.Build.0 = Debug|Any CPU
		{58DEC459-4E61-55F6-703C-82F5AFD80529}.Debug|x64.ActiveCfg = Debug|Any CPU
		{58DEC459-4E61-55F6-703C-82F5AFD80529}.Debug|x64.Build.0 = Debug|Any CPU
		{58DEC459-4E61-55F6-703C-82F5AFD80529}.Debug|x86.ActiveCfg = Debug|Any CPU
		{58DEC459-4E61-55F6-703C-82F5AFD80529}.Debug|x86.Build.0 = Debug|Any CPU
		{58DEC459-4E61-55F6-703C-82F5AFD80529}.Release|Any CPU.ActiveCfg = Release|Any CPU
		{58DEC459-4E61-55F6-703C-82F5AFD80529}.Release|Any CPU.Build.0 = Release|Any CPU
		{58DEC459-4E61-55F6-703C-82F5AFD80529}.Release|x64.ActiveCfg = Release|Any CPU
		{58DEC459-4E61-55F6-703C-82F5AFD80529}.Release|x64.Build.0 = Release|Any CPU
		{58DEC459-4E61-55F6-703C-82F5AFD80529}.Release|x86.ActiveCfg = Release|Any CPU
		{58DEC459-4E61-55F6-703C-82F5AFD80529}.Release|x86.Build.0 = Release|Any CPU
		{D5B165AF-BAC6-5559-5247-FC9FE1A77E4D}.Debug|Any CPU.ActiveCfg = Debug|Any CPU
		{D5B165AF-BAC6-5559-5247-FC9FE1A77E4D}.Debug|Any CPU.Build.0 = Debug|Any CPU
		{D5B165AF-BAC6-5559-5247-FC9FE1A77E4D}.Debug|x64.ActiveCfg = Debug|Any CPU
		{D5B165AF-BAC6-5559-5247-FC9FE1A77E4D}.Debug|x64.Build.0 = Debug|Any CPU
		{D5B165AF-BAC6-5559-5247-FC9FE1A77E4D}.Debug|x86.ActiveCfg = Debug|Any CPU
		{D5B165AF-BAC6-5559-5247-FC9FE1A77E4D}.Debug|x86.Build.0 = Debug|Any CPU
		{D5B165AF-BAC6-5559-5247-FC9FE1A77E4D}.Release|Any CPU.ActiveCfg = Release|Any CPU
		{D5B165AF-BAC6-5559-5247-FC9FE1A77E4D}.Release|Any CPU.Build.0 = Release|Any CPU
		{D5B165AF-BAC6-5559-5247-FC9FE1A77E4D}.Release|x64.ActiveCfg = Release|Any CPU
		{D5B165AF-BAC6-5559-5247-FC9FE1A77E4D}.Release|x64.Build.0 = Release|Any CPU
		{D5B165AF-BAC6-5559-5247-FC9FE1A77E4D}.Release|x86.ActiveCfg = Release|Any CPU
		{D5B165AF-BAC6-5559-5247-FC9FE1A77E4D}.Release|x86.Build.0 = Release|Any CPU
		{1449186D-FA6F-4C4F-98FC-85844978C7AE}.Debug|Any CPU.ActiveCfg = Debug|Any CPU
		{1449186D-FA6F-4C4F-98FC-85844978C7AE}.Debug|Any CPU.Build.0 = Debug|Any CPU
		{1449186D-FA6F-4C4F-98FC-85844978C7AE}.Debug|x64.ActiveCfg = Debug|Any CPU
		{1449186D-FA6F-4C4F-98FC-85844978C7AE}.Debug|x64.Build.0 = Debug|Any CPU
		{1449186D-FA6F-4C4F-98FC-85844978C7AE}.Debug|x86.ActiveCfg = Debug|Any CPU
		{1449186D-FA6F-4C4F-98FC-85844978C7AE}.Debug|x86.Build.0 = Debug|Any CPU
		{1449186D-FA6F-4C4F-98FC-85844978C7AE}.Release|Any CPU.ActiveCfg = Release|Any CPU
		{1449186D-FA6F-4C4F-98FC-85844978C7AE}.Release|Any CPU.Build.0 = Release|Any CPU
		{1449186D-FA6F-4C4F-98FC-85844978C7AE}.Release|x64.ActiveCfg = Release|Any CPU
		{1449186D-FA6F-4C4F-98FC-85844978C7AE}.Release|x64.Build.0 = Release|Any CPU
		{1449186D-FA6F-4C4F-98FC-85844978C7AE}.Release|x86.ActiveCfg = Release|Any CPU
		{1449186D-FA6F-4C4F-98FC-85844978C7AE}.Release|x86.Build.0 = Release|Any CPU
		{FE426F3C-B434-4851-A376-9B4A54D7D6B4}.Debug|Any CPU.ActiveCfg = Debug|Any CPU
		{FE426F3C-B434-4851-A376-9B4A54D7D6B4}.Debug|Any CPU.Build.0 = Debug|Any CPU
		{FE426F3C-B434-4851-A376-9B4A54D7D6B4}.Debug|x64.ActiveCfg = Debug|Any CPU
		{FE426F3C-B434-4851-A376-9B4A54D7D6B4}.Debug|x64.Build.0 = Debug|Any CPU
		{FE426F3C-B434-4851-A376-9B4A54D7D6B4}.Debug|x86.ActiveCfg = Debug|Any CPU
		{FE426F3C-B434-4851-A376-9B4A54D7D6B4}.Debug|x86.Build.0 = Debug|Any CPU
		{FE426F3C-B434-4851-A376-9B4A54D7D6B4}.Release|Any CPU.ActiveCfg = Release|Any CPU
		{FE426F3C-B434-4851-A376-9B4A54D7D6B4}.Release|Any CPU.Build.0 = Release|Any CPU
		{FE426F3C-B434-4851-A376-9B4A54D7D6B4}.Release|x64.ActiveCfg = Release|Any CPU
		{FE426F3C-B434-4851-A376-9B4A54D7D6B4}.Release|x64.Build.0 = Release|Any CPU
		{FE426F3C-B434-4851-A376-9B4A54D7D6B4}.Release|x86.ActiveCfg = Release|Any CPU
		{FE426F3C-B434-4851-A376-9B4A54D7D6B4}.Release|x86.Build.0 = Release|Any CPU
		{F3C3E4A2-F3BE-4795-A415-818A32CB3348}.Debug|Any CPU.ActiveCfg = Debug|Any CPU
		{F3C3E4A2-F3BE-4795-A415-818A32CB3348}.Debug|Any CPU.Build.0 = Debug|Any CPU
		{F3C3E4A2-F3BE-4795-A415-818A32CB3348}.Debug|x64.ActiveCfg = Debug|Any CPU
		{F3C3E4A2-F3BE-4795-A415-818A32CB3348}.Debug|x64.Build.0 = Debug|Any CPU
		{F3C3E4A2-F3BE-4795-A415-818A32CB3348}.Debug|x86.ActiveCfg = Debug|Any CPU
		{F3C3E4A2-F3BE-4795-A415-818A32CB3348}.Debug|x86.Build.0 = Debug|Any CPU
		{F3C3E4A2-F3BE-4795-A415-818A32CB3348}.Release|Any CPU.ActiveCfg = Release|Any CPU
		{F3C3E4A2-F3BE-4795-A415-818A32CB3348}.Release|Any CPU.Build.0 = Release|Any CPU
		{F3C3E4A2-F3BE-4795-A415-818A32CB3348}.Release|x64.ActiveCfg = Release|Any CPU
		{F3C3E4A2-F3BE-4795-A415-818A32CB3348}.Release|x64.Build.0 = Release|Any CPU
		{F3C3E4A2-F3BE-4795-A415-818A32CB3348}.Release|x86.ActiveCfg = Release|Any CPU
		{F3C3E4A2-F3BE-4795-A415-818A32CB3348}.Release|x86.Build.0 = Release|Any CPU
		{558DFB2A-680C-42CB-9AE0-57FFF5E8D89B}.Debug|Any CPU.ActiveCfg = Debug|Any CPU
		{558DFB2A-680C-42CB-9AE0-57FFF5E8D89B}.Debug|Any CPU.Build.0 = Debug|Any CPU
		{558DFB2A-680C-42CB-9AE0-57FFF5E8D89B}.Debug|x64.ActiveCfg = Debug|Any CPU
		{558DFB2A-680C-42CB-9AE0-57FFF5E8D89B}.Debug|x64.Build.0 = Debug|Any CPU
		{558DFB2A-680C-42CB-9AE0-57FFF5E8D89B}.Debug|x86.ActiveCfg = Debug|Any CPU
		{558DFB2A-680C-42CB-9AE0-57FFF5E8D89B}.Debug|x86.Build.0 = Debug|Any CPU
		{558DFB2A-680C-42CB-9AE0-57FFF5E8D89B}.Release|Any CPU.ActiveCfg = Release|Any CPU
		{558DFB2A-680C-42CB-9AE0-57FFF5E8D89B}.Release|Any CPU.Build.0 = Release|Any CPU
		{558DFB2A-680C-42CB-9AE0-57FFF5E8D89B}.Release|x64.ActiveCfg = Release|Any CPU
		{558DFB2A-680C-42CB-9AE0-57FFF5E8D89B}.Release|x64.Build.0 = Release|Any CPU
		{558DFB2A-680C-42CB-9AE0-57FFF5E8D89B}.Release|x86.ActiveCfg = Release|Any CPU
		{558DFB2A-680C-42CB-9AE0-57FFF5E8D89B}.Release|x86.Build.0 = Release|Any CPU
		{F44E51E6-D443-4825-810F-E1D9FF6B25FC}.Debug|Any CPU.ActiveCfg = Debug|Any CPU
		{F44E51E6-D443-4825-810F-E1D9FF6B25FC}.Debug|Any CPU.Build.0 = Debug|Any CPU
		{F44E51E6-D443-4825-810F-E1D9FF6B25FC}.Debug|x64.ActiveCfg = Debug|Any CPU
		{F44E51E6-D443-4825-810F-E1D9FF6B25FC}.Debug|x64.Build.0 = Debug|Any CPU
		{F44E51E6-D443-4825-810F-E1D9FF6B25FC}.Debug|x86.ActiveCfg = Debug|Any CPU
		{F44E51E6-D443-4825-810F-E1D9FF6B25FC}.Debug|x86.Build.0 = Debug|Any CPU
		{F44E51E6-D443-4825-810F-E1D9FF6B25FC}.Release|Any CPU.ActiveCfg = Release|Any CPU
		{F44E51E6-D443-4825-810F-E1D9FF6B25FC}.Release|Any CPU.Build.0 = Release|Any CPU
		{F44E51E6-D443-4825-810F-E1D9FF6B25FC}.Release|x64.ActiveCfg = Release|Any CPU
		{F44E51E6-D443-4825-810F-E1D9FF6B25FC}.Release|x64.Build.0 = Release|Any CPU
		{F44E51E6-D443-4825-810F-E1D9FF6B25FC}.Release|x86.ActiveCfg = Release|Any CPU
		{F44E51E6-D443-4825-810F-E1D9FF6B25FC}.Release|x86.Build.0 = Release|Any CPU
		{2E2CBD53-F4F3-4A46-9615-0DEEEEC9B5C5}.Debug|Any CPU.ActiveCfg = Debug|Any CPU
		{2E2CBD53-F4F3-4A46-9615-0DEEEEC9B5C5}.Debug|Any CPU.Build.0 = Debug|Any CPU
		{2E2CBD53-F4F3-4A46-9615-0DEEEEC9B5C5}.Debug|x64.ActiveCfg = Debug|Any CPU
		{2E2CBD53-F4F3-4A46-9615-0DEEEEC9B5C5}.Debug|x64.Build.0 = Debug|Any CPU
		{2E2CBD53-F4F3-4A46-9615-0DEEEEC9B5C5}.Debug|x86.ActiveCfg = Debug|Any CPU
		{2E2CBD53-F4F3-4A46-9615-0DEEEEC9B5C5}.Debug|x86.Build.0 = Debug|Any CPU
		{2E2CBD53-F4F3-4A46-9615-0DEEEEC9B5C5}.Release|Any CPU.ActiveCfg = Release|Any CPU
		{2E2CBD53-F4F3-4A46-9615-0DEEEEC9B5C5}.Release|Any CPU.Build.0 = Release|Any CPU
		{2E2CBD53-F4F3-4A46-9615-0DEEEEC9B5C5}.Release|x64.ActiveCfg = Release|Any CPU
		{2E2CBD53-F4F3-4A46-9615-0DEEEEC9B5C5}.Release|x64.Build.0 = Release|Any CPU
		{2E2CBD53-F4F3-4A46-9615-0DEEEEC9B5C5}.Release|x86.ActiveCfg = Release|Any CPU
		{2E2CBD53-F4F3-4A46-9615-0DEEEEC9B5C5}.Release|x86.Build.0 = Release|Any CPU
		{C264FD85-D290-4281-9F77-878293CBB640}.Debug|Any CPU.ActiveCfg = Debug|Any CPU
		{C264FD85-D290-4281-9F77-878293CBB640}.Debug|Any CPU.Build.0 = Debug|Any CPU
		{C264FD85-D290-4281-9F77-878293CBB640}.Debug|x64.ActiveCfg = Debug|Any CPU
		{C264FD85-D290-4281-9F77-878293CBB640}.Debug|x64.Build.0 = Debug|Any CPU
		{C264FD85-D290-4281-9F77-878293CBB640}.Debug|x86.ActiveCfg = Debug|Any CPU
		{C264FD85-D290-4281-9F77-878293CBB640}.Debug|x86.Build.0 = Debug|Any CPU
		{C264FD85-D290-4281-9F77-878293CBB640}.Release|Any CPU.ActiveCfg = Release|Any CPU
		{C264FD85-D290-4281-9F77-878293CBB640}.Release|Any CPU.Build.0 = Release|Any CPU
		{C264FD85-D290-4281-9F77-878293CBB640}.Release|x64.ActiveCfg = Release|Any CPU
		{C264FD85-D290-4281-9F77-878293CBB640}.Release|x64.Build.0 = Release|Any CPU
		{C264FD85-D290-4281-9F77-878293CBB640}.Release|x86.ActiveCfg = Release|Any CPU
		{C264FD85-D290-4281-9F77-878293CBB640}.Release|x86.Build.0 = Release|Any CPU
		{511DC331-2A75-49FA-B286-02E2B8572A59}.Debug|Any CPU.ActiveCfg = Debug|Any CPU
		{511DC331-2A75-49FA-B286-02E2B8572A59}.Debug|Any CPU.Build.0 = Debug|Any CPU
		{511DC331-2A75-49FA-B286-02E2B8572A59}.Debug|x64.ActiveCfg = Debug|Any CPU
		{511DC331-2A75-49FA-B286-02E2B8572A59}.Debug|x64.Build.0 = Debug|Any CPU
		{511DC331-2A75-49FA-B286-02E2B8572A59}.Debug|x86.ActiveCfg = Debug|Any CPU
		{511DC331-2A75-49FA-B286-02E2B8572A59}.Debug|x86.Build.0 = Debug|Any CPU
		{511DC331-2A75-49FA-B286-02E2B8572A59}.Release|Any CPU.ActiveCfg = Release|Any CPU
		{511DC331-2A75-49FA-B286-02E2B8572A59}.Release|Any CPU.Build.0 = Release|Any CPU
		{511DC331-2A75-49FA-B286-02E2B8572A59}.Release|x64.ActiveCfg = Release|Any CPU
		{511DC331-2A75-49FA-B286-02E2B8572A59}.Release|x64.Build.0 = Release|Any CPU
		{511DC331-2A75-49FA-B286-02E2B8572A59}.Release|x86.ActiveCfg = Release|Any CPU
		{511DC331-2A75-49FA-B286-02E2B8572A59}.Release|x86.Build.0 = Release|Any CPU
		{830F1336-8872-4D32-8CD6-B9FD381F44CC}.Debug|Any CPU.ActiveCfg = Debug|Any CPU
		{830F1336-8872-4D32-8CD6-B9FD381F44CC}.Debug|Any CPU.Build.0 = Debug|Any CPU
		{830F1336-8872-4D32-8CD6-B9FD381F44CC}.Debug|x64.ActiveCfg = Debug|Any CPU
		{830F1336-8872-4D32-8CD6-B9FD381F44CC}.Debug|x64.Build.0 = Debug|Any CPU
		{830F1336-8872-4D32-8CD6-B9FD381F44CC}.Debug|x86.ActiveCfg = Debug|Any CPU
		{830F1336-8872-4D32-8CD6-B9FD381F44CC}.Debug|x86.Build.0 = Debug|Any CPU
		{830F1336-8872-4D32-8CD6-B9FD381F44CC}.Release|Any CPU.ActiveCfg = Release|Any CPU
		{830F1336-8872-4D32-8CD6-B9FD381F44CC}.Release|Any CPU.Build.0 = Release|Any CPU
		{830F1336-8872-4D32-8CD6-B9FD381F44CC}.Release|x64.ActiveCfg = Release|Any CPU
		{830F1336-8872-4D32-8CD6-B9FD381F44CC}.Release|x64.Build.0 = Release|Any CPU
		{830F1336-8872-4D32-8CD6-B9FD381F44CC}.Release|x86.ActiveCfg = Release|Any CPU
		{830F1336-8872-4D32-8CD6-B9FD381F44CC}.Release|x86.Build.0 = Release|Any CPU
		{9C92F36B-44A9-436E-B862-0EE9E728D41A}.Debug|Any CPU.ActiveCfg = Debug|Any CPU
		{9C92F36B-44A9-436E-B862-0EE9E728D41A}.Debug|Any CPU.Build.0 = Debug|Any CPU
		{9C92F36B-44A9-436E-B862-0EE9E728D41A}.Debug|x64.ActiveCfg = Debug|Any CPU
		{9C92F36B-44A9-436E-B862-0EE9E728D41A}.Debug|x64.Build.0 = Debug|Any CPU
		{9C92F36B-44A9-436E-B862-0EE9E728D41A}.Debug|x86.ActiveCfg = Debug|Any CPU
		{9C92F36B-44A9-436E-B862-0EE9E728D41A}.Debug|x86.Build.0 = Debug|Any CPU
		{9C92F36B-44A9-436E-B862-0EE9E728D41A}.Release|Any CPU.ActiveCfg = Release|Any CPU
		{9C92F36B-44A9-436E-B862-0EE9E728D41A}.Release|Any CPU.Build.0 = Release|Any CPU
		{9C92F36B-44A9-436E-B862-0EE9E728D41A}.Release|x64.ActiveCfg = Release|Any CPU
		{9C92F36B-44A9-436E-B862-0EE9E728D41A}.Release|x64.Build.0 = Release|Any CPU
		{9C92F36B-44A9-436E-B862-0EE9E728D41A}.Release|x86.ActiveCfg = Release|Any CPU
		{9C92F36B-44A9-436E-B862-0EE9E728D41A}.Release|x86.Build.0 = Release|Any CPU
		{8ACBB4CA-7C2B-4B1A-AE55-31A2E58DDFB2}.Debug|Any CPU.ActiveCfg = Debug|Any CPU
		{8ACBB4CA-7C2B-4B1A-AE55-31A2E58DDFB2}.Debug|Any CPU.Build.0 = Debug|Any CPU
		{8ACBB4CA-7C2B-4B1A-AE55-31A2E58DDFB2}.Debug|x64.ActiveCfg = Debug|Any CPU
		{8ACBB4CA-7C2B-4B1A-AE55-31A2E58DDFB2}.Debug|x64.Build.0 = Debug|Any CPU
		{8ACBB4CA-7C2B-4B1A-AE55-31A2E58DDFB2}.Debug|x86.ActiveCfg = Debug|Any CPU
		{8ACBB4CA-7C2B-4B1A-AE55-31A2E58DDFB2}.Debug|x86.Build.0 = Debug|Any CPU
		{8ACBB4CA-7C2B-4B1A-AE55-31A2E58DDFB2}.Release|Any CPU.ActiveCfg = Release|Any CPU
		{8ACBB4CA-7C2B-4B1A-AE55-31A2E58DDFB2}.Release|Any CPU.Build.0 = Release|Any CPU
		{8ACBB4CA-7C2B-4B1A-AE55-31A2E58DDFB2}.Release|x64.ActiveCfg = Release|Any CPU
		{8ACBB4CA-7C2B-4B1A-AE55-31A2E58DDFB2}.Release|x64.Build.0 = Release|Any CPU
		{8ACBB4CA-7C2B-4B1A-AE55-31A2E58DDFB2}.Release|x86.ActiveCfg = Release|Any CPU
		{8ACBB4CA-7C2B-4B1A-AE55-31A2E58DDFB2}.Release|x86.Build.0 = Release|Any CPU
		{294B822B-A3F6-4F8A-A217-53188C075F25}.Debug|Any CPU.ActiveCfg = Debug|Any CPU
		{294B822B-A3F6-4F8A-A217-53188C075F25}.Debug|Any CPU.Build.0 = Debug|Any CPU
		{294B822B-A3F6-4F8A-A217-53188C075F25}.Debug|x64.ActiveCfg = Debug|Any CPU
		{294B822B-A3F6-4F8A-A217-53188C075F25}.Debug|x64.Build.0 = Debug|Any CPU
		{294B822B-A3F6-4F8A-A217-53188C075F25}.Debug|x86.ActiveCfg = Debug|Any CPU
		{294B822B-A3F6-4F8A-A217-53188C075F25}.Debug|x86.Build.0 = Debug|Any CPU
		{294B822B-A3F6-4F8A-A217-53188C075F25}.Release|Any CPU.ActiveCfg = Release|Any CPU
		{294B822B-A3F6-4F8A-A217-53188C075F25}.Release|Any CPU.Build.0 = Release|Any CPU
		{294B822B-A3F6-4F8A-A217-53188C075F25}.Release|x64.ActiveCfg = Release|Any CPU
		{294B822B-A3F6-4F8A-A217-53188C075F25}.Release|x64.Build.0 = Release|Any CPU
		{294B822B-A3F6-4F8A-A217-53188C075F25}.Release|x86.ActiveCfg = Release|Any CPU
		{294B822B-A3F6-4F8A-A217-53188C075F25}.Release|x86.Build.0 = Release|Any CPU
		{E9C36456-00C8-45F2-85F8-99F4590CBF1D}.Debug|Any CPU.ActiveCfg = Debug|Any CPU
		{E9C36456-00C8-45F2-85F8-99F4590CBF1D}.Debug|Any CPU.Build.0 = Debug|Any CPU
		{E9C36456-00C8-45F2-85F8-99F4590CBF1D}.Debug|x64.ActiveCfg = Debug|Any CPU
		{E9C36456-00C8-45F2-85F8-99F4590CBF1D}.Debug|x64.Build.0 = Debug|Any CPU
		{E9C36456-00C8-45F2-85F8-99F4590CBF1D}.Debug|x86.ActiveCfg = Debug|Any CPU
		{E9C36456-00C8-45F2-85F8-99F4590CBF1D}.Debug|x86.Build.0 = Debug|Any CPU
		{E9C36456-00C8-45F2-85F8-99F4590CBF1D}.Release|Any CPU.ActiveCfg = Release|Any CPU
		{E9C36456-00C8-45F2-85F8-99F4590CBF1D}.Release|Any CPU.Build.0 = Release|Any CPU
		{E9C36456-00C8-45F2-85F8-99F4590CBF1D}.Release|x64.ActiveCfg = Release|Any CPU
		{E9C36456-00C8-45F2-85F8-99F4590CBF1D}.Release|x64.Build.0 = Release|Any CPU
		{E9C36456-00C8-45F2-85F8-99F4590CBF1D}.Release|x86.ActiveCfg = Release|Any CPU
		{E9C36456-00C8-45F2-85F8-99F4590CBF1D}.Release|x86.Build.0 = Release|Any CPU
		{FF4C1667-4886-4C95-A627-302F434026B5}.Debug|Any CPU.ActiveCfg = Debug|Any CPU
		{FF4C1667-4886-4C95-A627-302F434026B5}.Debug|Any CPU.Build.0 = Debug|Any CPU
		{FF4C1667-4886-4C95-A627-302F434026B5}.Debug|x64.ActiveCfg = Debug|Any CPU
		{FF4C1667-4886-4C95-A627-302F434026B5}.Debug|x64.Build.0 = Debug|Any CPU
		{FF4C1667-4886-4C95-A627-302F434026B5}.Debug|x86.ActiveCfg = Debug|Any CPU
		{FF4C1667-4886-4C95-A627-302F434026B5}.Debug|x86.Build.0 = Debug|Any CPU
		{FF4C1667-4886-4C95-A627-302F434026B5}.Release|Any CPU.ActiveCfg = Release|Any CPU
		{FF4C1667-4886-4C95-A627-302F434026B5}.Release|Any CPU.Build.0 = Release|Any CPU
		{FF4C1667-4886-4C95-A627-302F434026B5}.Release|x64.ActiveCfg = Release|Any CPU
		{FF4C1667-4886-4C95-A627-302F434026B5}.Release|x64.Build.0 = Release|Any CPU
		{FF4C1667-4886-4C95-A627-302F434026B5}.Release|x86.ActiveCfg = Release|Any CPU
		{FF4C1667-4886-4C95-A627-302F434026B5}.Release|x86.Build.0 = Release|Any CPU
		{DFC957FB-8471-4526-834A-ACF7D3163FC0}.Debug|Any CPU.ActiveCfg = Debug|Any CPU
		{DFC957FB-8471-4526-834A-ACF7D3163FC0}.Debug|Any CPU.Build.0 = Debug|Any CPU
		{DFC957FB-8471-4526-834A-ACF7D3163FC0}.Debug|x64.ActiveCfg = Debug|Any CPU
		{DFC957FB-8471-4526-834A-ACF7D3163FC0}.Debug|x64.Build.0 = Debug|Any CPU
		{DFC957FB-8471-4526-834A-ACF7D3163FC0}.Debug|x86.ActiveCfg = Debug|Any CPU
		{DFC957FB-8471-4526-834A-ACF7D3163FC0}.Debug|x86.Build.0 = Debug|Any CPU
		{DFC957FB-8471-4526-834A-ACF7D3163FC0}.Release|Any CPU.ActiveCfg = Release|Any CPU
		{DFC957FB-8471-4526-834A-ACF7D3163FC0}.Release|Any CPU.Build.0 = Release|Any CPU
		{DFC957FB-8471-4526-834A-ACF7D3163FC0}.Release|x64.ActiveCfg = Release|Any CPU
		{DFC957FB-8471-4526-834A-ACF7D3163FC0}.Release|x64.Build.0 = Release|Any CPU
		{DFC957FB-8471-4526-834A-ACF7D3163FC0}.Release|x86.ActiveCfg = Release|Any CPU
		{DFC957FB-8471-4526-834A-ACF7D3163FC0}.Release|x86.Build.0 = Release|Any CPU
		{8873AC23-7DF0-4F9F-84A4-FA4D2FFA6DF4}.Debug|Any CPU.ActiveCfg = Debug|Any CPU
		{8873AC23-7DF0-4F9F-84A4-FA4D2FFA6DF4}.Debug|Any CPU.Build.0 = Debug|Any CPU
		{8873AC23-7DF0-4F9F-84A4-FA4D2FFA6DF4}.Debug|x64.ActiveCfg = Debug|Any CPU
		{8873AC23-7DF0-4F9F-84A4-FA4D2FFA6DF4}.Debug|x64.Build.0 = Debug|Any CPU
		{8873AC23-7DF0-4F9F-84A4-FA4D2FFA6DF4}.Debug|x86.ActiveCfg = Debug|Any CPU
		{8873AC23-7DF0-4F9F-84A4-FA4D2FFA6DF4}.Debug|x86.Build.0 = Debug|Any CPU
		{8873AC23-7DF0-4F9F-84A4-FA4D2FFA6DF4}.Release|Any CPU.ActiveCfg = Release|Any CPU
		{8873AC23-7DF0-4F9F-84A4-FA4D2FFA6DF4}.Release|Any CPU.Build.0 = Release|Any CPU
		{8873AC23-7DF0-4F9F-84A4-FA4D2FFA6DF4}.Release|x64.ActiveCfg = Release|Any CPU
		{8873AC23-7DF0-4F9F-84A4-FA4D2FFA6DF4}.Release|x64.Build.0 = Release|Any CPU
		{8873AC23-7DF0-4F9F-84A4-FA4D2FFA6DF4}.Release|x86.ActiveCfg = Release|Any CPU
		{8873AC23-7DF0-4F9F-84A4-FA4D2FFA6DF4}.Release|x86.Build.0 = Release|Any CPU
		{48DE44DA-F1B7-4457-BA33-B8DCE27CCE3A}.Debug|Any CPU.ActiveCfg = Debug|Any CPU
		{48DE44DA-F1B7-4457-BA33-B8DCE27CCE3A}.Debug|Any CPU.Build.0 = Debug|Any CPU
		{48DE44DA-F1B7-4457-BA33-B8DCE27CCE3A}.Debug|x64.ActiveCfg = Debug|Any CPU
		{48DE44DA-F1B7-4457-BA33-B8DCE27CCE3A}.Debug|x64.Build.0 = Debug|Any CPU
		{48DE44DA-F1B7-4457-BA33-B8DCE27CCE3A}.Debug|x86.ActiveCfg = Debug|Any CPU
		{48DE44DA-F1B7-4457-BA33-B8DCE27CCE3A}.Debug|x86.Build.0 = Debug|Any CPU
		{48DE44DA-F1B7-4457-BA33-B8DCE27CCE3A}.Release|Any CPU.ActiveCfg = Release|Any CPU
		{48DE44DA-F1B7-4457-BA33-B8DCE27CCE3A}.Release|Any CPU.Build.0 = Release|Any CPU
		{48DE44DA-F1B7-4457-BA33-B8DCE27CCE3A}.Release|x64.ActiveCfg = Release|Any CPU
		{48DE44DA-F1B7-4457-BA33-B8DCE27CCE3A}.Release|x64.Build.0 = Release|Any CPU
		{48DE44DA-F1B7-4457-BA33-B8DCE27CCE3A}.Release|x86.ActiveCfg = Release|Any CPU
		{48DE44DA-F1B7-4457-BA33-B8DCE27CCE3A}.Release|x86.Build.0 = Release|Any CPU
		{A9E59F54-0FF3-471D-A26E-6F0FB7617A29}.Debug|Any CPU.ActiveCfg = Debug|Any CPU
		{A9E59F54-0FF3-471D-A26E-6F0FB7617A29}.Debug|Any CPU.Build.0 = Debug|Any CPU
		{A9E59F54-0FF3-471D-A26E-6F0FB7617A29}.Debug|x64.ActiveCfg = Debug|Any CPU
		{A9E59F54-0FF3-471D-A26E-6F0FB7617A29}.Debug|x64.Build.0 = Debug|Any CPU
		{A9E59F54-0FF3-471D-A26E-6F0FB7617A29}.Debug|x86.ActiveCfg = Debug|Any CPU
		{A9E59F54-0FF3-471D-A26E-6F0FB7617A29}.Debug|x86.Build.0 = Debug|Any CPU
		{A9E59F54-0FF3-471D-A26E-6F0FB7617A29}.Release|Any CPU.ActiveCfg = Release|Any CPU
		{A9E59F54-0FF3-471D-A26E-6F0FB7617A29}.Release|Any CPU.Build.0 = Release|Any CPU
		{A9E59F54-0FF3-471D-A26E-6F0FB7617A29}.Release|x64.ActiveCfg = Release|Any CPU
		{A9E59F54-0FF3-471D-A26E-6F0FB7617A29}.Release|x64.Build.0 = Release|Any CPU
		{A9E59F54-0FF3-471D-A26E-6F0FB7617A29}.Release|x86.ActiveCfg = Release|Any CPU
		{A9E59F54-0FF3-471D-A26E-6F0FB7617A29}.Release|x86.Build.0 = Release|Any CPU
		{A881FE71-4C38-4007-A669-1EC61D36FC44}.Debug|Any CPU.ActiveCfg = Debug|Any CPU
		{A881FE71-4C38-4007-A669-1EC61D36FC44}.Debug|Any CPU.Build.0 = Debug|Any CPU
		{A881FE71-4C38-4007-A669-1EC61D36FC44}.Debug|x64.ActiveCfg = Debug|Any CPU
		{A881FE71-4C38-4007-A669-1EC61D36FC44}.Debug|x64.Build.0 = Debug|Any CPU
		{A881FE71-4C38-4007-A669-1EC61D36FC44}.Debug|x86.ActiveCfg = Debug|Any CPU
		{A881FE71-4C38-4007-A669-1EC61D36FC44}.Debug|x86.Build.0 = Debug|Any CPU
		{A881FE71-4C38-4007-A669-1EC61D36FC44}.Release|Any CPU.ActiveCfg = Release|Any CPU
		{A881FE71-4C38-4007-A669-1EC61D36FC44}.Release|Any CPU.Build.0 = Release|Any CPU
		{A881FE71-4C38-4007-A669-1EC61D36FC44}.Release|x64.ActiveCfg = Release|Any CPU
		{A881FE71-4C38-4007-A669-1EC61D36FC44}.Release|x64.Build.0 = Release|Any CPU
		{A881FE71-4C38-4007-A669-1EC61D36FC44}.Release|x86.ActiveCfg = Release|Any CPU
		{A881FE71-4C38-4007-A669-1EC61D36FC44}.Release|x86.Build.0 = Release|Any CPU
		{DEDC507F-F92E-4AA2-87A8-93B78290B534}.Debug|Any CPU.ActiveCfg = Debug|Any CPU
		{DEDC507F-F92E-4AA2-87A8-93B78290B534}.Debug|Any CPU.Build.0 = Debug|Any CPU
		{DEDC507F-F92E-4AA2-87A8-93B78290B534}.Debug|x64.ActiveCfg = Debug|Any CPU
		{DEDC507F-F92E-4AA2-87A8-93B78290B534}.Debug|x64.Build.0 = Debug|Any CPU
		{DEDC507F-F92E-4AA2-87A8-93B78290B534}.Debug|x86.ActiveCfg = Debug|Any CPU
		{DEDC507F-F92E-4AA2-87A8-93B78290B534}.Debug|x86.Build.0 = Debug|Any CPU
		{DEDC507F-F92E-4AA2-87A8-93B78290B534}.Release|Any CPU.ActiveCfg = Release|Any CPU
		{DEDC507F-F92E-4AA2-87A8-93B78290B534}.Release|Any CPU.Build.0 = Release|Any CPU
		{DEDC507F-F92E-4AA2-87A8-93B78290B534}.Release|x64.ActiveCfg = Release|Any CPU
		{DEDC507F-F92E-4AA2-87A8-93B78290B534}.Release|x64.Build.0 = Release|Any CPU
		{DEDC507F-F92E-4AA2-87A8-93B78290B534}.Release|x86.ActiveCfg = Release|Any CPU
		{DEDC507F-F92E-4AA2-87A8-93B78290B534}.Release|x86.Build.0 = Release|Any CPU
		{53D0D8C5-D29B-42A5-9451-574C4369F4FB}.Debug|Any CPU.ActiveCfg = Debug|Any CPU
		{53D0D8C5-D29B-42A5-9451-574C4369F4FB}.Debug|Any CPU.Build.0 = Debug|Any CPU
		{53D0D8C5-D29B-42A5-9451-574C4369F4FB}.Debug|x64.ActiveCfg = Debug|Any CPU
		{53D0D8C5-D29B-42A5-9451-574C4369F4FB}.Debug|x64.Build.0 = Debug|Any CPU
		{53D0D8C5-D29B-42A5-9451-574C4369F4FB}.Debug|x86.ActiveCfg = Debug|Any CPU
		{53D0D8C5-D29B-42A5-9451-574C4369F4FB}.Debug|x86.Build.0 = Debug|Any CPU
		{53D0D8C5-D29B-42A5-9451-574C4369F4FB}.Release|Any CPU.ActiveCfg = Release|Any CPU
		{53D0D8C5-D29B-42A5-9451-574C4369F4FB}.Release|Any CPU.Build.0 = Release|Any CPU
		{53D0D8C5-D29B-42A5-9451-574C4369F4FB}.Release|x64.ActiveCfg = Release|Any CPU
		{53D0D8C5-D29B-42A5-9451-574C4369F4FB}.Release|x64.Build.0 = Release|Any CPU
		{53D0D8C5-D29B-42A5-9451-574C4369F4FB}.Release|x86.ActiveCfg = Release|Any CPU
		{53D0D8C5-D29B-42A5-9451-574C4369F4FB}.Release|x86.Build.0 = Release|Any CPU
		{0984CD30-4B07-4EE6-88A0-984FAED212A6}.Debug|Any CPU.ActiveCfg = Debug|Any CPU
		{0984CD30-4B07-4EE6-88A0-984FAED212A6}.Debug|Any CPU.Build.0 = Debug|Any CPU
		{0984CD30-4B07-4EE6-88A0-984FAED212A6}.Debug|x64.ActiveCfg = Debug|Any CPU
		{0984CD30-4B07-4EE6-88A0-984FAED212A6}.Debug|x64.Build.0 = Debug|Any CPU
		{0984CD30-4B07-4EE6-88A0-984FAED212A6}.Debug|x86.ActiveCfg = Debug|Any CPU
		{0984CD30-4B07-4EE6-88A0-984FAED212A6}.Debug|x86.Build.0 = Debug|Any CPU
		{0984CD30-4B07-4EE6-88A0-984FAED212A6}.Release|Any CPU.ActiveCfg = Release|Any CPU
		{0984CD30-4B07-4EE6-88A0-984FAED212A6}.Release|Any CPU.Build.0 = Release|Any CPU
		{0984CD30-4B07-4EE6-88A0-984FAED212A6}.Release|x64.ActiveCfg = Release|Any CPU
		{0984CD30-4B07-4EE6-88A0-984FAED212A6}.Release|x64.Build.0 = Release|Any CPU
		{0984CD30-4B07-4EE6-88A0-984FAED212A6}.Release|x86.ActiveCfg = Release|Any CPU
		{0984CD30-4B07-4EE6-88A0-984FAED212A6}.Release|x86.Build.0 = Release|Any CPU
	EndGlobalSection
	GlobalSection(SolutionProperties) = preSolution
		HideSolutionNode = FALSE
	EndGlobalSection
	GlobalSection(NestedProjects) = preSolution
		{7CC99346-6DAC-4C22-AFF5-F08D8117916C} = {5318D694-23B9-4FCC-8338-9996A6E2059A}
		{49469A2E-C001-4634-80B9-BE590324A5F1} = {5318D694-23B9-4FCC-8338-9996A6E2059A}
		{26B5E816-15F4-403D-9154-F1C4AD6C5649} = {5318D694-23B9-4FCC-8338-9996A6E2059A}
		{8AB35AE7-37DD-4FFC-9F78-7B6FAFCADFA4} = {5318D694-23B9-4FCC-8338-9996A6E2059A}
		{32EBC9B9-7B03-49DB-AB70-C2CB26250667} = {5318D694-23B9-4FCC-8338-9996A6E2059A}
		{3FA3FAC6-AEC2-4B81-87B3-F9BF4786F0FF} = {5318D694-23B9-4FCC-8338-9996A6E2059A}
		{E4872924-2348-4E06-881A-08625ED98E9F} = {1230723A-B35C-45C2-9160-7D1DCD1310B0}
		{D31EA979-FC56-43F9-870C-278BC7048E9C} = {1230723A-B35C-45C2-9160-7D1DCD1310B0}
		{C617010A-DDB0-4C64-8706-5B9732AEC034} = {1230723A-B35C-45C2-9160-7D1DCD1310B0}
		{BA08CE0D-99FB-4227-8835-FDC2D4F65915} = {1230723A-B35C-45C2-9160-7D1DCD1310B0}
		{41F693E8-E3B6-4446-8616-73D522246578} = {1230723A-B35C-45C2-9160-7D1DCD1310B0}
		{E6D88F45-8B86-4FAE-A5CD-57269C413C64} = {1230723A-B35C-45C2-9160-7D1DCD1310B0}
		{161853F8-ADB9-4281-B706-E2E23D40D0F1} = {1230723A-B35C-45C2-9160-7D1DCD1310B0}
		{5774A37D-CFA9-4003-8E03-D714B7D1006A} = {1230723A-B35C-45C2-9160-7D1DCD1310B0}
		{085B8204-4339-4E13-B75D-1E37E35270B9} = {1230723A-B35C-45C2-9160-7D1DCD1310B0}
		{A5AB62A9-B65A-4348-BC4A-60EF67FC1B9D} = {1230723A-B35C-45C2-9160-7D1DCD1310B0}
		{80FA1E47-5DA6-4688-A033-F867B0FA6F22} = {1230723A-B35C-45C2-9160-7D1DCD1310B0}
		{2E0553A6-9E63-4A7D-ABAC-E6AC11DCF175} = {1230723A-B35C-45C2-9160-7D1DCD1310B0}
		{284BF0A5-9B0A-4B3E-97BC-6E1B3D87B069} = {1230723A-B35C-45C2-9160-7D1DCD1310B0}
		{B88A96BA-597A-42DA-BCDD-A8DA66754523} = {E4872924-2348-4E06-881A-08625ED98E9F}
		{43BDD676-9289-469F-8A3C-F7E3AAC4E4B2} = {E4872924-2348-4E06-881A-08625ED98E9F}
		{041BA4C2-D6A8-4823-A990-DCF19F892E0C} = {E4872924-2348-4E06-881A-08625ED98E9F}
		{21E30689-1635-4868-B63B-2D5ABEBDB678} = {161853F8-ADB9-4281-B706-E2E23D40D0F1}
		{12F796BA-AB77-4B9F-A68C-BD088B930088} = {C617010A-DDB0-4C64-8706-5B9732AEC034}
		{E251AB63-E43D-463A-ACFD-DAE0BA6F698E} = {D31EA979-FC56-43F9-870C-278BC7048E9C}
		{42F8CCFE-CF62-4E92-8A39-5201FE588A58} = {C617010A-DDB0-4C64-8706-5B9732AEC034}
		{FCD206FB-9539-4E43-AC14-FB32258C61D0} = {80FA1E47-5DA6-4688-A033-F867B0FA6F22}
		{3E310B58-AE2F-4A63-8624-0BB52D066E27} = {C617010A-DDB0-4C64-8706-5B9732AEC034}
		{CCA7A753-B445-479A-BE59-EBA87D2495AE} = {2E0553A6-9E63-4A7D-ABAC-E6AC11DCF175}
		{AD1DF7BB-F953-42C7-ADBC-8288EDB60A25} = {085B8204-4339-4E13-B75D-1E37E35270B9}
		{7C2404A9-CC44-42B7-A21E-2C60576FA9E7} = {E6D88F45-8B86-4FAE-A5CD-57269C413C64}
		{43B32B21-D755-4D30-B4BF-25EFA7D889A6} = {BA08CE0D-99FB-4227-8835-FDC2D4F65915}
		{826C30EF-9188-4E9A-BEE5-04889168F711} = {BA08CE0D-99FB-4227-8835-FDC2D4F65915}
		{7451AEC8-3EA0-4BD5-AE1A-4885A87B8100} = {BA08CE0D-99FB-4227-8835-FDC2D4F65915}
		{3E49F6C2-20EC-4EA5-AB69-8012E55772ED} = {41F693E8-E3B6-4446-8616-73D522246578}
		{7479E0D9-C9ED-4FD7-8ED3-30F831EA3F17} = {41F693E8-E3B6-4446-8616-73D522246578}
		{C48A88A1-8C7A-4EC3-A58D-E2C9E6334C9B} = {41F693E8-E3B6-4446-8616-73D522246578}
		{0239EBCB-B5CF-463F-89D5-2FF61BF5190F} = {5774A37D-CFA9-4003-8E03-D714B7D1006A}
		{FBEE90C9-BB90-4B93-A34B-4AEC25F13344} = {A5AB62A9-B65A-4348-BC4A-60EF67FC1B9D}
		{3B205F4B-393E-4399-9032-11DC7D219D83} = {A5AB62A9-B65A-4348-BC4A-60EF67FC1B9D}
		{10A7B021-1171-4C6F-8CC1-45C0FFDAAB43} = {A5AB62A9-B65A-4348-BC4A-60EF67FC1B9D}
		{429C3E54-2F39-4F67-9208-F649A8F7D357} = {161853F8-ADB9-4281-B706-E2E23D40D0F1}
		{6645E934-0517-42F7-B9B6-E73BEDAED535} = {085B8204-4339-4E13-B75D-1E37E35270B9}
		{1E4728F6-4BAE-4D6B-927C-288A0CF292ED} = {085B8204-4339-4E13-B75D-1E37E35270B9}
		{AC72EC83-2F8D-4757-ACE7-83635A971DAE} = {80FA1E47-5DA6-4688-A033-F867B0FA6F22}
		{44EAD1DB-6B4B-47B2-B727-5DC7621A18D0} = {80FA1E47-5DA6-4688-A033-F867B0FA6F22}
		{D33863E2-39CF-47FA-9AC7-DDEFA8DAF7C7} = {E6D88F45-8B86-4FAE-A5CD-57269C413C64}
		{7242CDB2-C08F-4CED-888E-26073D8A10A8} = {284BF0A5-9B0A-4B3E-97BC-6E1B3D87B069}
		{1B5296EB-D81F-454C-995A-DB4CC2E61415} = {284BF0A5-9B0A-4B3E-97BC-6E1B3D87B069}
		{CDD9CA1F-C4D5-43A2-A2F8-B3EE214B5C75} = {E6D88F45-8B86-4FAE-A5CD-57269C413C64}
		{719C8C15-B492-43DF-9DC2-555FFCF960BD} = {5318D694-23B9-4FCC-8338-9996A6E2059A}
		{53604AFB-0CCA-41EB-9A71-50D650106BFD} = {318DD697-D142-45CA-A1A4-ACC88131501B}
		{1686C3E9-38D8-438D-94F6-DB3BE23F2E60} = {1230723A-B35C-45C2-9160-7D1DCD1310B0}
		{704327ED-5912-4F5E-9B98-3E28DB05046B} = {1686C3E9-38D8-438D-94F6-DB3BE23F2E60}
		{FE11720B-8674-4A39-AFF3-E9068D4A25E9} = {1686C3E9-38D8-438D-94F6-DB3BE23F2E60}
		{69E5982C-89A5-4B6C-AA03-DEE81A86C19D} = {2E0553A6-9E63-4A7D-ABAC-E6AC11DCF175}
		{59D55A6B-2EF9-4577-A053-357147C5B0D7} = {2E0553A6-9E63-4A7D-ABAC-E6AC11DCF175}
		{D7127F7B-32A1-4B88-95FE-5041A88ABA7F} = {1230723A-B35C-45C2-9160-7D1DCD1310B0}
		{497289A5-DE6E-4D33-BA39-6EE8E5724689} = {D7127F7B-32A1-4B88-95FE-5041A88ABA7F}
		{3304F589-9C56-41D1-8EB9-D9465B4267E7} = {D7127F7B-32A1-4B88-95FE-5041A88ABA7F}
		{E9FB17F6-8E61-40B9-BA04-F7C9C25919E8} = {5318D694-23B9-4FCC-8338-9996A6E2059A}
		{58DEC459-4E61-55F6-703C-82F5AFD80529} = {02EA681E-C7D8-13C7-8484-4AC65E1B71E8}
		{D5B165AF-BAC6-5559-5247-FC9FE1A77E4D} = {5318D694-23B9-4FCC-8338-9996A6E2059A}
		{1449186D-FA6F-4C4F-98FC-85844978C7AE} = {E8524EB6-6130-405E-86CE-36D63B8189A4}
		{617ECD0C-DE13-49E0-AFAD-849145F12C9D} = {24712DF1-5367-42A6-BFB5-B2A4AF931FAF}
		{FE426F3C-B434-4851-A376-9B4A54D7D6B4} = {617ECD0C-DE13-49E0-AFAD-849145F12C9D}
		{F3C3E4A2-F3BE-4795-A415-818A32CB3348} = {617ECD0C-DE13-49E0-AFAD-849145F12C9D}
		{558DFB2A-680C-42CB-9AE0-57FFF5E8D89B} = {E8524EB6-6130-405E-86CE-36D63B8189A4}
		{F44E51E6-D443-4825-810F-E1D9FF6B25FC} = {E8524EB6-6130-405E-86CE-36D63B8189A4}
		{2E2CBD53-F4F3-4A46-9615-0DEEEEC9B5C5} = {E8524EB6-6130-405E-86CE-36D63B8189A4}
		{7C503509-51F2-A257-4DA0-16A7103FE7B2} = {94548C90-FA3B-8649-01BC-6608F254C800}
		{C264FD85-D290-4281-9F77-878293CBB640} = {E8524EB6-6130-405E-86CE-36D63B8189A4}
		{BB066A4C-DF5D-C94D-37A0-D07B390CB448} = {94548C90-FA3B-8649-01BC-6608F254C800}
		{511DC331-2A75-49FA-B286-02E2B8572A59} = {E8524EB6-6130-405E-86CE-36D63B8189A4}
		{81C0B801-F1F6-4235-AC73-ED59DACDCF34} = {94548C90-FA3B-8649-01BC-6608F254C800}
		{830F1336-8872-4D32-8CD6-B9FD381F44CC} = {81C0B801-F1F6-4235-AC73-ED59DACDCF34}
		{8ACBB4CA-7C2B-4B1A-AE55-31A2E58DDFB2} = {E8524EB6-6130-405E-86CE-36D63B8189A4}
		{E9C36456-00C8-45F2-85F8-99F4590CBF1D} = {81C0B801-F1F6-4235-AC73-ED59DACDCF34}
		{FF4C1667-4886-4C95-A627-302F434026B5} = {E8524EB6-6130-405E-86CE-36D63B8189A4}
		{DFC957FB-8471-4526-834A-ACF7D3163FC0} = {81C0B801-F1F6-4235-AC73-ED59DACDCF34}
		{8873AC23-7DF0-4F9F-84A4-FA4D2FFA6DF4} = {94548C90-FA3B-8649-01BC-6608F254C800}
		{48DE44DA-F1B7-4457-BA33-B8DCE27CCE3A} = {94548C90-FA3B-8649-01BC-6608F254C800}
		{A9E59F54-0FF3-471D-A26E-6F0FB7617A29} = {24712DF1-5367-42A6-BFB5-B2A4AF931FAF}
		{A881FE71-4C38-4007-A669-1EC61D36FC44} = {E8524EB6-6130-405E-86CE-36D63B8189A4}
		{DEDC507F-F92E-4AA2-87A8-93B78290B534} = {94548C90-FA3B-8649-01BC-6608F254C800}
		{53D0D8C5-D29B-42A5-9451-574C4369F4FB} = {94548C90-FA3B-8649-01BC-6608F254C800}
		{0984CD30-4B07-4EE6-88A0-984FAED212A6} = {E8524EB6-6130-405E-86CE-36D63B8189A4}
	EndGlobalSection
	GlobalSection(ExtensibilityGlobals) = postSolution
		SolutionGuid = {646DDD1C-F143-42C2-894F-F5C7B3A0CE74}
	EndGlobalSection
EndGlobal
